<?xml version="1.0" encoding="utf-8"?>
<Project ToolsVersion="4.0" xmlns="http://schemas.microsoft.com/developer/msbuild/2003">
  <ItemGroup>
    <Filter Include="fpu">
      <UniqueIdentifier>{d424a094-0a26-4db6-85e9-e75f81c6e142}</UniqueIdentifier>
    </Filter>
    <Filter Include="hw">
      <UniqueIdentifier>{dec3e9f1-0fc3-454e-ae70-78d866b5c3f8}</UniqueIdentifier>
    </Filter>
    <Filter Include="hw\sparc">
      <UniqueIdentifier>{0a04b798-735c-4115-ab62-b6cfc772efed}</UniqueIdentifier>
    </Filter>
    <Filter Include="target-sparc">
      <UniqueIdentifier>{10f0c533-e16b-4e31-b979-812af068bb36}</UniqueIdentifier>
    </Filter>
    <Filter Include="tcg">
      <UniqueIdentifier>{b229bf2b-cc40-4135-b3b7-40c73bd9f597}</UniqueIdentifier>
    </Filter>
    <Filter Include="tcg\i386">
      <UniqueIdentifier>{133a0d6a-6f71-4d4b-be6d-f90636aa02a2}</UniqueIdentifier>
    </Filter>
  </ItemGroup>
  <ItemGroup>
    <ClInclude Include="..\..\..\qemu\fpu\softfloat-macros.h">
      <Filter>fpu</Filter>
    </ClInclude>
    <ClInclude Include="..\..\..\qemu\fpu\softfloat-specialize.h">
      <Filter>fpu</Filter>
    </ClInclude>
    <ClInclude Include="..\..\..\qemu\tcg\tcg-be-ldst.h">
      <Filter>tcg</Filter>
    </ClInclude>
    <ClInclude Include="..\..\..\qemu\tcg\tcg-be-null.h">
      <Filter>tcg</Filter>
    </ClInclude>
    <ClInclude Include="..\..\..\qemu\tcg\tcg-op.h">
      <Filter>tcg</Filter>
    </ClInclude>
    <ClInclude Include="..\..\..\qemu\tcg\tcg-opc.h">
      <Filter>tcg</Filter>
    </ClInclude>
    <ClInclude Include="..\..\..\qemu\tcg\tcg-runtime.h">
      <Filter>tcg</Filter>
    </ClInclude>
    <ClInclude Include="..\..\..\qemu\tcg\tcg.h">
      <Filter>tcg</Filter>
    </ClInclude>
    <ClInclude Include="..\..\..\qemu\tcg\i386\tcg-target.h">
      <Filter>tcg\i386</Filter>
    </ClInclude>
    <ClInclude Include="..\..\..\qemu\target-sparc\cpu.h">
      <Filter>target-sparc</Filter>
    </ClInclude>
    <ClInclude Include="..\..\..\qemu\target-sparc\cpu-qom.h">
      <Filter>target-sparc</Filter>
    </ClInclude>
    <ClInclude Include="..\..\..\qemu\target-sparc\helper.h">
      <Filter>target-sparc</Filter>
    </ClInclude>
    <ClInclude Include="..\..\..\qemu\target-sparc\unicorn.h">
      <Filter>target-sparc</Filter>
    </ClInclude>
    <ClInclude Include="..\..\..\qemu\sparc.h" />
    <ClInclude Include="..\config-host.h" />
    <ClInclude Include="config-target.h" />
  </ItemGroup>
  <ItemGroup>
    <ClCompile Include="..\..\..\qemu\fpu\softfloat.c">
      <Filter>fpu</Filter>
    </ClCompile>
    <ClCompile Include="..\..\..\qemu\tcg\optimize.c">
      <Filter>tcg</Filter>
    </ClCompile>
    <ClCompile Include="..\..\..\qemu\tcg\tcg.c">
      <Filter>tcg</Filter>
    </ClCompile>
    <ClCompile Include="..\..\..\qemu\tcg\i386\tcg-target.c">
      <Filter>tcg\i386</Filter>
    </ClCompile>
    <ClCompile Include="..\..\..\qemu\cpu-exec.c" />
    <ClCompile Include="..\..\..\qemu\cpus.c" />
    <ClCompile Include="..\..\..\qemu\cputlb.c" />
    <ClCompile Include="..\..\..\qemu\exec.c" />
    <ClCompile Include="..\..\..\qemu\ioport.c" />
    <ClCompile Include="..\..\..\qemu\memory.c" />
    <ClCompile Include="..\..\..\qemu\memory_mapping.c" />
    <ClCompile Include="..\..\..\qemu\translate-all.c" />
    <ClCompile Include="..\..\..\qemu\hw\sparc\leon3.c">
      <Filter>hw\sparc</Filter>
    </ClCompile>
    <ClCompile Include="..\..\..\qemu\target-sparc\fop_helper.c">
      <Filter>target-sparc</Filter>
    </ClCompile>
    <ClCompile Include="..\..\..\qemu\target-sparc\helper.c">
      <Filter>target-sparc</Filter>
    </ClCompile>
    <ClCompile Include="..\..\..\qemu\target-sparc\ldst_helper.c">
      <Filter>target-sparc</Filter>
    </ClCompile>
    <ClCompile Include="..\..\..\qemu\target-sparc\mmu_helper.c">
      <Filter>target-sparc</Filter>
    </ClCompile>
    <ClCompile Include="..\..\..\qemu\target-sparc\translate.c">
      <Filter>target-sparc</Filter>
    </ClCompile>
    <ClCompile Include="..\..\..\qemu\target-sparc\win_helper.c">
      <Filter>target-sparc</Filter>
    </ClCompile>
    <ClCompile Include="..\..\..\qemu\target-sparc\cc_helper.c">
      <Filter>target-sparc</Filter>
    </ClCompile>
    <ClCompile Include="..\..\..\qemu\target-sparc\cpu.c">
      <Filter>target-sparc</Filter>
    </ClCompile>
    <ClCompile Include="..\..\..\qemu\target-sparc\unicorn.c">
      <Filter>target-sparc</Filter>
    </ClCompile>
    <ClCompile Include="..\..\..\qemu\target-sparc\int32_helper.c">
      <Filter>target-sparc</Filter>
    </ClCompile>
  </ItemGroup>
</Project>