<?xml version="1.0" encoding="utf-8"?>
<Project ToolsVersion="4.0" xmlns="http://schemas.microsoft.com/developer/msbuild/2003">
  <ItemGroup>
    <Filter Include="fpu">
      <UniqueIdentifier>{2b2b58ad-804f-435b-b55d-1c21e050cf31}</UniqueIdentifier>
    </Filter>
    <Filter Include="hw">
      <UniqueIdentifier>{a6046583-2534-498c-9bd2-08dd8c222c18}</UniqueIdentifier>
    </Filter>
    <Filter Include="hw\mips">
      <UniqueIdentifier>{2253570a-0bc0-4366-9eab-095257ab37b2}</UniqueIdentifier>
    </Filter>
    <Filter Include="target-mips">
      <UniqueIdentifier>{de33cbbc-f374-4451-a083-23c5a98c843e}</UniqueIdentifier>
    </Filter>
    <Filter Include="tcg">
      <UniqueIdentifier>{b4ef3640-fe65-476d-9b4f-3c6d82a5dbfd}</UniqueIdentifier>
    </Filter>
    <Filter Include="tcg\i386">
      <UniqueIdentifier>{95533292-741a-46c5-a003-cbb60c8654ce}</UniqueIdentifier>
    </Filter>
  </ItemGroup>
  <ItemGroup>
    <ClInclude Include="..\..\..\qemu\fpu\softfloat-macros.h">
      <Filter>fpu</Filter>
    </ClInclude>
    <ClInclude Include="..\..\..\qemu\fpu\softfloat-specialize.h">
      <Filter>fpu</Filter>
    </ClInclude>
    <ClInclude Include="..\..\..\qemu\tcg\tcg.h">
      <Filter>tcg</Filter>
    </ClInclude>
    <ClInclude Include="..\..\..\qemu\tcg\tcg-be-ldst.h">
      <Filter>tcg</Filter>
    </ClInclude>
    <ClInclude Include="..\..\..\qemu\tcg\tcg-be-null.h">
      <Filter>tcg</Filter>
    </ClInclude>
    <ClInclude Include="..\..\..\qemu\tcg\tcg-op.h">
      <Filter>tcg</Filter>
    </ClInclude>
    <ClInclude Include="..\..\..\qemu\tcg\tcg-opc.h">
      <Filter>tcg</Filter>
    </ClInclude>
    <ClInclude Include="..\..\..\qemu\tcg\tcg-runtime.h">
      <Filter>tcg</Filter>
    </ClInclude>
    <ClInclude Include="..\..\..\qemu\tcg\i386\tcg-target.h">
      <Filter>tcg\i386</Filter>
    </ClInclude>
    <ClInclude Include="..\..\..\qemu\target-mips\cpu.h">
      <Filter>target-mips</Filter>
    </ClInclude>
    <ClInclude Include="..\..\..\qemu\target-mips\cpu-qom.h">
      <Filter>target-mips</Filter>
    </ClInclude>
    <ClInclude Include="..\..\..\qemu\target-mips\helper.h">
      <Filter>target-mips</Filter>
    </ClInclude>
    <ClInclude Include="..\..\..\qemu\target-mips\mips-defs.h">
      <Filter>target-mips</Filter>
    </ClInclude>
    <ClInclude Include="..\..\..\qemu\target-mips\unicorn.h">
      <Filter>target-mips</Filter>
    </ClInclude>
    <ClInclude Include="..\..\..\qemu\mips64el.h" />
    <ClInclude Include="..\config-host.h" />
    <ClInclude Include="config-target.h" />
  </ItemGroup>
  <ItemGroup>
    <ClCompile Include="..\..\..\qemu\cpu-exec.c" />
    <ClCompile Include="..\..\..\qemu\cpus.c" />
    <ClCompile Include="..\..\..\qemu\cputlb.c" />
    <ClCompile Include="..\..\..\qemu\exec.c" />
    <ClCompile Include="..\..\..\qemu\ioport.c" />
    <ClCompile Include="..\..\..\qemu\memory.c" />
    <ClCompile Include="..\..\..\qemu\memory_mapping.c" />
    <ClCompile Include="..\..\..\qemu\translate-all.c" />
    <ClCompile Include="..\..\..\qemu\fpu\softfloat.c">
      <Filter>fpu</Filter>
    </ClCompile>
    <ClCompile Include="..\..\..\qemu\hw\mips\mips_r4k.c">
      <Filter>hw\mips</Filter>
    </ClCompile>
    <ClCompile Include="..\..\..\qemu\hw\mips\addr.c">
      <Filter>hw\mips</Filter>
    </ClCompile>
    <ClCompile Include="..\..\..\qemu\hw\mips\cputimer.c">
      <Filter>hw\mips</Filter>
    </ClCompile>
    <ClCompile Include="..\..\..\qemu\tcg\optimize.c">
      <Filter>tcg</Filter>
    </ClCompile>
    <ClCompile Include="..\..\..\qemu\tcg\tcg.c">
      <Filter>tcg</Filter>
    </ClCompile>
    <ClCompile Include="..\..\..\qemu\tcg\i386\tcg-target.c">
      <Filter>tcg\i386</Filter>
    </ClCompile>
    <ClCompile Include="..\..\..\qemu\target-mips\cpu.c">
      <Filter>target-mips</Filter>
    </ClCompile>
    <ClCompile Include="..\..\..\qemu\target-mips\dsp_helper.c">
      <Filter>target-mips</Filter>
    </ClCompile>
    <ClCompile Include="..\..\..\qemu\target-mips\helper.c">
      <Filter>target-mips</Filter>
    </ClCompile>
    <ClCompile Include="..\..\..\qemu\target-mips\lmi_helper.c">
      <Filter>target-mips</Filter>
    </ClCompile>
    <ClCompile Include="..\..\..\qemu\target-mips\msa_helper.c">
      <Filter>target-mips</Filter>
    </ClCompile>
    <ClCompile Include="..\..\..\qemu\target-mips\op_helper.c">
      <Filter>target-mips</Filter>
    </ClCompile>
    <ClCompile Include="..\..\..\qemu\target-mips\translate.c">
      <Filter>target-mips</Filter>
    </ClCompile>
    <ClCompile Include="..\..\..\qemu\target-mips\translate_init.c">
      <Filter>target-mips</Filter>
    </ClCompile>
    <ClCompile Include="..\..\..\qemu\target-mips\unicorn.c">
      <Filter>target-mips</Filter>
    </ClCompile>
  </ItemGroup>
</Project>