<?xml version="1.0" encoding="utf-8"?>
<Project ToolsVersion="4.0" xmlns="http://schemas.microsoft.com/developer/msbuild/2003">
  <ItemGroup>
    <Filter Include="fpu">
      <UniqueIdentifier>{45b613c4-9fdb-482c-b94f-0138ea9907c3}</UniqueIdentifier>
    </Filter>
    <Filter Include="hw">
      <UniqueIdentifier>{14f99bfc-becf-403c-9100-1612ab30a848}</UniqueIdentifier>
    </Filter>
    <Filter Include="hw\m68k">
      <UniqueIdentifier>{484590c4-abd5-4db4-8b06-b34087856c27}</UniqueIdentifier>
    </Filter>
    <Filter Include="target-m68k">
      <UniqueIdentifier>{476366de-d432-4ce4-8e04-64aa34326aa0}</UniqueIdentifier>
    </Filter>
    <Filter Include="tcg">
      <UniqueIdentifier>{63d2e327-f759-4757-a44b-90513ce433f7}</UniqueIdentifier>
    </Filter>
    <Filter Include="tcg\i386">
      <UniqueIdentifier>{574ebec7-47db-49de-8f59-3365337e42a7}</UniqueIdentifier>
    </Filter>
  </ItemGroup>
  <ItemGroup>
    <ClInclude Include="..\..\..\qemu\fpu\softfloat-macros.h">
      <Filter>fpu</Filter>
    </ClInclude>
    <ClInclude Include="..\..\..\qemu\fpu\softfloat-specialize.h">
      <Filter>fpu</Filter>
    </ClInclude>
    <ClInclude Include="..\..\..\qemu\tcg\tcg-be-ldst.h">
      <Filter>tcg</Filter>
    </ClInclude>
    <ClInclude Include="..\..\..\qemu\tcg\tcg-be-null.h">
      <Filter>tcg</Filter>
    </ClInclude>
    <ClInclude Include="..\..\..\qemu\tcg\tcg-op.h">
      <Filter>tcg</Filter>
    </ClInclude>
    <ClInclude Include="..\..\..\qemu\tcg\tcg-opc.h">
      <Filter>tcg</Filter>
    </ClInclude>
    <ClInclude Include="..\..\..\qemu\tcg\tcg-runtime.h">
      <Filter>tcg</Filter>
    </ClInclude>
    <ClInclude Include="..\..\..\qemu\tcg\tcg.h">
      <Filter>tcg</Filter>
    </ClInclude>
    <ClInclude Include="..\..\..\qemu\tcg\i386\tcg-target.h">
      <Filter>tcg\i386</Filter>
    </ClInclude>
    <ClInclude Include="..\..\..\qemu\target-m68k\cpu.h">
      <Filter>target-m68k</Filter>
    </ClInclude>
    <ClInclude Include="..\..\..\qemu\target-m68k\cpu-qom.h">
      <Filter>target-m68k</Filter>
    </ClInclude>
    <ClInclude Include="..\..\..\qemu\target-m68k\helper.h">
      <Filter>target-m68k</Filter>
    </ClInclude>
    <ClInclude Include="..\..\..\qemu\target-m68k\m68k-qreg.h">
      <Filter>target-m68k</Filter>
    </ClInclude>
    <ClInclude Include="..\..\..\qemu\target-m68k\unicorn.h">
      <Filter>target-m68k</Filter>
    </ClInclude>
    <ClInclude Include="..\..\..\qemu\m68k.h" />
    <ClInclude Include="..\config-host.h" />
    <ClInclude Include="config-target.h" />
  </ItemGroup>
  <ItemGroup>
    <ClCompile Include="..\..\..\qemu\fpu\softfloat.c">
      <Filter>fpu</Filter>
    </ClCompile>
    <ClCompile Include="..\..\..\qemu\tcg\optimize.c">
      <Filter>tcg</Filter>
    </ClCompile>
    <ClCompile Include="..\..\..\qemu\tcg\tcg.c">
      <Filter>tcg</Filter>
    </ClCompile>
    <ClCompile Include="..\..\..\qemu\tcg\i386\tcg-target.c">
      <Filter>tcg\i386</Filter>
    </ClCompile>
    <ClCompile Include="..\..\..\qemu\cpu-exec.c" />
    <ClCompile Include="..\..\..\qemu\cpus.c" />
    <ClCompile Include="..\..\..\qemu\cputlb.c" />
    <ClCompile Include="..\..\..\qemu\exec.c" />
    <ClCompile Include="..\..\..\qemu\ioport.c" />
    <ClCompile Include="..\..\..\qemu\memory.c" />
    <ClCompile Include="..\..\..\qemu\memory_mapping.c" />
    <ClCompile Include="..\..\..\qemu\translate-all.c" />
    <ClCompile Include="..\..\..\qemu\hw\m68k\dummy_m68k.c">
      <Filter>hw\m68k</Filter>
    </ClCompile>
    <ClCompile Include="..\..\..\qemu\target-m68k\cpu.c">
      <Filter>target-m68k</Filter>
    </ClCompile>
    <ClCompile Include="..\..\..\qemu\target-m68k\helper.c">
      <Filter>target-m68k</Filter>
    </ClCompile>
    <ClCompile Include="..\..\..\qemu\target-m68k\op_helper.c">
      <Filter>target-m68k</Filter>
    </ClCompile>
    <ClCompile Include="..\..\..\qemu\target-m68k\translate.c">
      <Filter>target-m68k</Filter>
    </ClCompile>
    <ClCompile Include="..\..\..\qemu\target-m68k\unicorn.c">
      <Filter>target-m68k</Filter>
    </ClCompile>
  </ItemGroup>
</Project>