<?xml version="1.0" encoding="utf-8"?>
<Project ToolsVersion="4.0" xmlns="http://schemas.microsoft.com/developer/msbuild/2003">
  <ItemGroup>
    <ClCompile Include="dllmain.cpp" />
    <ClCompile Include="..\..\..\list.c">
      <Filter>priv</Filter>
    </ClCompile>
    <ClCompile Include="..\..\..\qemu\accel.c">
      <Filter>qemu</Filter>
    </ClCompile>
    <ClCompile Include="..\..\..\qemu\glib_compat.c">
      <Filter>qemu</Filter>
    </ClCompile>
    <ClCompile Include="..\..\..\qemu\qemu-log.c">
      <Filter>qemu</Filter>
    </ClCompile>
    <ClCompile Include="..\..\..\qemu\qemu-timer.c">
      <Filter>qemu</Filter>
    </ClCompile>
    <ClCompile Include="..\..\..\qemu\tcg-runtime.c">
      <Filter>qemu</Filter>
    </ClCompile>
    <ClCompile Include="..\..\..\qemu\vl.c">
      <Filter>qemu</Filter>
    </ClCompile>
    <ClCompile Include="..\..\..\qemu\util\aes.c">
      <Filter>qemu\util</Filter>
    </ClCompile>
    <ClCompile Include="..\..\..\qemu\util\bitmap.c">
      <Filter>qemu\util</Filter>
    </ClCompile>
    <ClCompile Include="..\..\..\qemu\util\bitops.c">
      <Filter>qemu\util</Filter>
    </ClCompile>
    <ClCompile Include="..\..\..\qemu\util\crc32c.c">
      <Filter>qemu\util</Filter>
    </ClCompile>
    <ClCompile Include="..\..\..\qemu\util\cutils.c">
      <Filter>qemu\util</Filter>
    </ClCompile>
    <ClCompile Include="..\..\..\qemu\util\error.c">
      <Filter>qemu\util</Filter>
    </ClCompile>
    <ClCompile Include="..\..\..\qemu\util\getauxval.c">
      <Filter>qemu\util</Filter>
    </ClCompile>
    <ClCompile Include="..\..\..\qemu\util\host-utils.c">
      <Filter>qemu\util</Filter>
    </ClCompile>
    <ClCompile Include="..\..\..\qemu\util\module.c">
      <Filter>qemu\util</Filter>
    </ClCompile>
    <ClCompile Include="..\..\..\qemu\util\oslib-win32.c">
      <Filter>qemu\util</Filter>
    </ClCompile>
    <ClCompile Include="..\..\..\qemu\util\qemu-error.c">
      <Filter>qemu\util</Filter>
    </ClCompile>
    <ClCompile Include="..\..\..\qemu\util\qemu-thread-win32.c">
      <Filter>qemu\util</Filter>
    </ClCompile>
    <ClCompile Include="..\..\..\qemu\util\qemu-timer-common.c">
      <Filter>qemu\util</Filter>
    </ClCompile>
    <ClCompile Include="..\..\..\qemu\hw\core\machine.c">
      <Filter>qemu\hw\core</Filter>
    </ClCompile>
    <ClCompile Include="..\..\..\qemu\hw\core\qdev.c">
      <Filter>qemu\hw\core</Filter>
    </ClCompile>
    <ClCompile Include="..\..\..\qemu\qapi\qapi-dealloc-visitor.c">
      <Filter>qemu\qapi</Filter>
    </ClCompile>
    <ClCompile Include="..\..\..\qemu\qapi\qapi-visit-core.c">
      <Filter>qemu\qapi</Filter>
    </ClCompile>
    <ClCompile Include="..\..\..\qemu\qapi\qmp-input-visitor.c">
      <Filter>qemu\qapi</Filter>
    </ClCompile>
    <ClCompile Include="..\..\..\qemu\qapi\qmp-output-visitor.c">
      <Filter>qemu\qapi</Filter>
    </ClCompile>
    <ClCompile Include="..\..\..\qemu\qapi\string-input-visitor.c">
      <Filter>qemu\qapi</Filter>
    </ClCompile>
    <ClCompile Include="..\..\..\qemu\qobject\qbool.c">
      <Filter>qemu\qobject</Filter>
    </ClCompile>
    <ClCompile Include="..\..\..\qemu\qobject\qdict.c">
      <Filter>qemu\qobject</Filter>
    </ClCompile>
    <ClCompile Include="..\..\..\qemu\qobject\qerror.c">
      <Filter>qemu\qobject</Filter>
    </ClCompile>
    <ClCompile Include="..\..\..\qemu\qobject\qfloat.c">
      <Filter>qemu\qobject</Filter>
    </ClCompile>
    <ClCompile Include="..\..\..\qemu\qobject\qint.c">
      <Filter>qemu\qobject</Filter>
    </ClCompile>
    <ClCompile Include="..\..\..\qemu\qobject\qlist.c">
      <Filter>qemu\qobject</Filter>
    </ClCompile>
    <ClCompile Include="..\..\..\qemu\qobject\qstring.c">
      <Filter>qemu\qobject</Filter>
    </ClCompile>
    <ClCompile Include="..\..\..\qemu\qom\container.c">
      <Filter>qemu\qom</Filter>
    </ClCompile>
    <ClCompile Include="..\..\..\qemu\qom\cpu.c">
      <Filter>qemu\qom</Filter>
    </ClCompile>
    <ClCompile Include="..\..\..\qemu\qom\object.c">
      <Filter>qemu\qom</Filter>
    </ClCompile>
    <ClCompile Include="..\..\..\qemu\qom\qom-qobject.c">
      <Filter>qemu\qom</Filter>
    </ClCompile>
    <ClCompile Include="..\..\..\uc.c" />
    <ClCompile Include="..\qapi-types.c">
      <Filter>qemu</Filter>
    </ClCompile>
    <ClCompile Include="..\qapi-visit.c">
      <Filter>qemu</Filter>
    </ClCompile>
  </ItemGroup>
  <ItemGroup>
    <Filter Include="priv">
      <UniqueIdentifier>{1d58ccd1-7ea5-40e0-ba38-304ac34bf08e}</UniqueIdentifier>
    </Filter>
    <Filter Include="qemu">
      <UniqueIdentifier>{438f79b0-21e5-4a21-8e61-271b88a3130d}</UniqueIdentifier>
    </Filter>
    <Filter Include="qemu\util">
      <UniqueIdentifier>{88e75519-13ca-431e-8b6d-d915d5e12231}</UniqueIdentifier>
    </Filter>
    <Filter Include="qemu\hw">
      <UniqueIdentifier>{669d34d7-8f38-47ac-ac1b-1f485bc9d6eb}</UniqueIdentifier>
    </Filter>
    <Filter Include="qemu\hw\core">
      <UniqueIdentifier>{2182308b-b1c8-4ac4-a779-c9d86c3cf97d}</UniqueIdentifier>
    </Filter>
    <Filter Include="qemu\qapi">
      <UniqueIdentifier>{70273f5a-23c0-4274-acc8-0c398ec327e7}</UniqueIdentifier>
    </Filter>
    <Filter Include="qemu\qobject">
      <UniqueIdentifier>{b84e89c5-c18f-4505-a2b9-b6cacbf97d1a}</UniqueIdentifier>
    </Filter>
    <Filter Include="qemu\qom">
      <UniqueIdentifier>{c0e7454f-a22a-4410-87e9-bd8668a2fc5b}</UniqueIdentifier>
    </Filter>
    <Filter Include="qemu\include">
      <UniqueIdentifier>{0d15a173-37a6-4507-a128-de4316618e68}</UniqueIdentifier>
    </Filter>
    <Filter Include="qemu\include\exec">
      <UniqueIdentifier>{fcbdd971-b481-4edc-a96a-3cdaeeadf2e9}</UniqueIdentifier>
    </Filter>
    <Filter Include="qemu\include\fpu">
      <UniqueIdentifier>{01269629-99a8-41ee-9595-b1c745b1a044}</UniqueIdentifier>
    </Filter>
    <Filter Include="qemu\include\hw">
      <UniqueIdentifier>{e1755d99-2324-43b4-9896-2400610e0b31}</UniqueIdentifier>
    </Filter>
    <Filter Include="qemu\include\hw\arm">
      <UniqueIdentifier>{daf8ad72-5390-43b2-8c7b-082ce1084aed}</UniqueIdentifier>
    </Filter>
    <Filter Include="qemu\include\hw\cpu">
      <UniqueIdentifier>{da199412-30ad-4c72-9a5a-a7b280c00021}</UniqueIdentifier>
    </Filter>
    <Filter Include="qemu\include\hw\i386">
      <UniqueIdentifier>{5f01eb28-ffe0-4371-a677-32ded26a33e2}</UniqueIdentifier>
    </Filter>
    <Filter Include="qemu\include\hw\m68k">
      <UniqueIdentifier>{dfebfef7-1435-4d09-89f6-94fb929f3488}</UniqueIdentifier>
    </Filter>
    <Filter Include="qemu\include\hw\mips">
      <UniqueIdentifier>{969bee88-382e-4c05-9205-074f24bdaf82}</UniqueIdentifier>
    </Filter>
    <Filter Include="qemu\include\hw\sparc">
      <UniqueIdentifier>{7195ce60-b300-4dbe-8072-3e812167a036}</UniqueIdentifier>
    </Filter>
    <Filter Include="qemu\include\qapi">
      <UniqueIdentifier>{0f13072a-571c-4c81-bef3-513758b38832}</UniqueIdentifier>
    </Filter>
    <Filter Include="qemu\include\qapi\qmp">
      <UniqueIdentifier>{0ae19983-bbd0-448f-a319-574d45f59dfe}</UniqueIdentifier>
    </Filter>
    <Filter Include="qemu\include\qemu">
      <UniqueIdentifier>{5653dd50-a557-4573-8f43-7ef26d0d4190}</UniqueIdentifier>
    </Filter>
    <Filter Include="qemu\include\qom">
      <UniqueIdentifier>{36443fca-61fc-4f64-a872-2ddd3d823cb9}</UniqueIdentifier>
    </Filter>
    <Filter Include="qemu\include\sysemu">
      <UniqueIdentifier>{5e47a1c2-85ab-48d6-921e-8915438c2cbf}</UniqueIdentifier>
    </Filter>
  </ItemGroup>
  <ItemGroup>
    <ClInclude Include="..\..\..\include\list.h">
      <Filter>priv</Filter>
    </ClInclude>
    <ClInclude Include="..\..\..\include\qemu.h">
      <Filter>priv</Filter>
    </ClInclude>
    <ClInclude Include="..\..\..\include\uc_priv.h">
      <Filter>priv</Filter>
    </ClInclude>
    <ClInclude Include="..\..\..\qemu\vl.h">
      <Filter>qemu</Filter>
    </ClInclude>
    <ClInclude Include="..\config-host.h">
      <Filter>qemu</Filter>
    </ClInclude>
    <ClInclude Include="..\qapi-types.h">
      <Filter>qemu</Filter>
    </ClInclude>
    <ClInclude Include="..\qapi-visit.h">
      <Filter>qemu</Filter>
    </ClInclude>
    <ClInclude Include="..\..\..\qemu\include\config.h">
      <Filter>qemu\include</Filter>
    </ClInclude>
    <ClInclude Include="..\..\..\qemu\include\elf.h">
      <Filter>qemu\include</Filter>
    </ClInclude>
    <ClInclude Include="..\..\..\qemu\include\glib_compat.h">
      <Filter>qemu\include</Filter>
    </ClInclude>
    <ClInclude Include="..\..\..\qemu\include\qemu-common.h">
      <Filter>qemu\include</Filter>
    </ClInclude>
    <ClInclude Include="..\..\..\qemu\include\exec\address-spaces.h">
      <Filter>qemu\include\exec</Filter>
    </ClInclude>
    <ClInclude Include="..\..\..\qemu\include\exec\cpu-all.h">
      <Filter>qemu\include\exec</Filter>
    </ClInclude>
    <ClInclude Include="..\..\..\qemu\include\exec\cpu-common.h">
      <Filter>qemu\include\exec</Filter>
    </ClInclude>
    <ClInclude Include="..\..\..\qemu\include\exec\cpu-defs.h">
      <Filter>qemu\include\exec</Filter>
    </ClInclude>
    <ClInclude Include="..\..\..\qemu\include\exec\cputlb.h">
      <Filter>qemu\include\exec</Filter>
    </ClInclude>
    <ClInclude Include="..\..\..\qemu\include\exec\cpu_ldst.h">
      <Filter>qemu\include\exec</Filter>
    </ClInclude>
    <ClInclude Include="..\..\..\qemu\include\exec\cpu_ldst_template.h">
      <Filter>qemu\include\exec</Filter>
    </ClInclude>
    <ClInclude Include="..\..\..\qemu\include\exec\exec-all.h">
      <Filter>qemu\include\exec</Filter>
    </ClInclude>
    <ClInclude Include="..\..\..\qemu\include\exec\gen-icount.h">
      <Filter>qemu\include\exec</Filter>
    </ClInclude>
    <ClInclude Include="..\..\..\qemu\include\exec\helper-gen.h">
      <Filter>qemu\include\exec</Filter>
    </ClInclude>
    <ClInclude Include="..\..\..\qemu\include\exec\helper-head.h">
      <Filter>qemu\include\exec</Filter>
    </ClInclude>
    <ClInclude Include="..\..\..\qemu\include\exec\helper-proto.h">
      <Filter>qemu\include\exec</Filter>
    </ClInclude>
    <ClInclude Include="..\..\..\qemu\include\exec\helper-tcg.h">
      <Filter>qemu\include\exec</Filter>
    </ClInclude>
    <ClInclude Include="..\..\..\qemu\include\exec\hwaddr.h">
      <Filter>qemu\include\exec</Filter>
    </ClInclude>
    <ClInclude Include="..\..\..\qemu\include\exec\ioport.h">
      <Filter>qemu\include\exec</Filter>
    </ClInclude>
    <ClInclude Include="..\..\..\qemu\include\exec\memory-internal.h">
      <Filter>qemu\include\exec</Filter>
    </ClInclude>
    <ClInclude Include="..\..\..\qemu\include\exec\memory.h">
      <Filter>qemu\include\exec</Filter>
    </ClInclude>
    <ClInclude Include="..\..\..\qemu\include\exec\poison.h">
      <Filter>qemu\include\exec</Filter>
    </ClInclude>
    <ClInclude Include="..\..\..\qemu\include\exec\ram_addr.h">
      <Filter>qemu\include\exec</Filter>
    </ClInclude>
    <ClInclude Include="..\..\..\qemu\include\exec\softmmu-semi.h">
      <Filter>qemu\include\exec</Filter>
    </ClInclude>
    <ClInclude Include="..\..\..\qemu\include\exec\spinlock.h">
      <Filter>qemu\include\exec</Filter>
    </ClInclude>
    <ClInclude Include="..\..\..\qemu\include\fpu\softfloat.h">
      <Filter>qemu\include\fpu</Filter>
    </ClInclude>
    <ClInclude Include="..\..\..\qemu\include\hw\boards.h">
      <Filter>qemu\include\hw</Filter>
    </ClInclude>
    <ClInclude Include="..\..\..\qemu\include\hw\hw.h">
      <Filter>qemu\include\hw</Filter>
    </ClInclude>
    <ClInclude Include="..\..\..\qemu\include\hw\irq.h">
      <Filter>qemu\include\hw</Filter>
    </ClInclude>
    <ClInclude Include="..\..\..\qemu\include\hw\qdev-core.h">
      <Filter>qemu\include\hw</Filter>
    </ClInclude>
    <ClInclude Include="..\..\..\qemu\include\hw\qdev.h">
      <Filter>qemu\include\hw</Filter>
    </ClInclude>
    <ClInclude Include="..\..\..\qemu\include\hw\arm\arm.h">
      <Filter>qemu\include\hw\arm</Filter>
    </ClInclude>
    <ClInclude Include="..\..\..\qemu\include\hw\cpu\icc_bus.h">
      <Filter>qemu\include\hw\cpu</Filter>
    </ClInclude>
    <ClInclude Include="..\..\..\qemu\include\hw\i386\apic.h">
      <Filter>qemu\include\hw\i386</Filter>
    </ClInclude>
    <ClInclude Include="..\..\..\qemu\include\hw\i386\apic_internal.h">
      <Filter>qemu\include\hw\i386</Filter>
    </ClInclude>
    <ClInclude Include="..\..\..\qemu\include\hw\i386\pc.h">
      <Filter>qemu\include\hw\i386</Filter>
    </ClInclude>
    <ClInclude Include="..\..\..\qemu\include\hw\m68k\m68k.h">
      <Filter>qemu\include\hw\m68k</Filter>
    </ClInclude>
    <ClInclude Include="..\..\..\qemu\include\hw\m68k\mcf.h">
      <Filter>qemu\include\hw\m68k</Filter>
    </ClInclude>
    <ClInclude Include="..\..\..\qemu\include\hw\mips\bios.h">
      <Filter>qemu\include\hw\mips</Filter>
    </ClInclude>
    <ClInclude Include="..\..\..\qemu\include\hw\mips\cpudevs.h">
      <Filter>qemu\include\hw\mips</Filter>
    </ClInclude>
    <ClInclude Include="..\..\..\qemu\include\hw\mips\mips.h">
      <Filter>qemu\include\hw\mips</Filter>
    </ClInclude>
    <ClInclude Include="..\..\..\qemu\include\hw\sparc\grlib.h">
      <Filter>qemu\include\hw\sparc</Filter>
    </ClInclude>
    <ClInclude Include="..\..\..\qemu\include\hw\sparc\sparc.h">
      <Filter>qemu\include\hw\sparc</Filter>
    </ClInclude>
    <ClInclude Include="..\..\..\qemu\include\hw\sparc\sparc32_dma.h">
      <Filter>qemu\include\hw\sparc</Filter>
    </ClInclude>
    <ClInclude Include="..\..\..\qemu\include\hw\sparc\sun4m.h">
      <Filter>qemu\include\hw\sparc</Filter>
    </ClInclude>
    <ClInclude Include="..\..\..\qemu\include\qapi\dealloc-visitor.h">
      <Filter>qemu\include\qapi</Filter>
    </ClInclude>
    <ClInclude Include="..\..\..\qemu\include\qapi\error.h">
      <Filter>qemu\include\qapi</Filter>
    </ClInclude>
    <ClInclude Include="..\..\..\qemu\include\qapi\opts-visitor.h">
      <Filter>qemu\include\qapi</Filter>
    </ClInclude>
    <ClInclude Include="..\..\..\qemu\include\qapi\qmp-input-visitor.h">
      <Filter>qemu\include\qapi</Filter>
    </ClInclude>
    <ClInclude Include="..\..\..\qemu\include\qapi\qmp-output-visitor.h">
      <Filter>qemu\include\qapi</Filter>
    </ClInclude>
    <ClInclude Include="..\..\..\qemu\include\qapi\string-input-visitor.h">
      <Filter>qemu\include\qapi</Filter>
    </ClInclude>
    <ClInclude Include="..\..\..\qemu\include\qapi\visitor-impl.h">
      <Filter>qemu\include\qapi</Filter>
    </ClInclude>
    <ClInclude Include="..\..\..\qemu\include\qapi\visitor.h">
      <Filter>qemu\include\qapi</Filter>
    </ClInclude>
    <ClInclude Include="..\..\..\qemu\include\qapi\qmp\qbool.h">
      <Filter>qemu\include\qapi\qmp</Filter>
    </ClInclude>
    <ClInclude Include="..\..\..\qemu\include\qapi\qmp\qdict.h">
      <Filter>qemu\include\qapi\qmp</Filter>
    </ClInclude>
    <ClInclude Include="..\..\..\qemu\include\qapi\qmp\qerror.h">
      <Filter>qemu\include\qapi\qmp</Filter>
    </ClInclude>
    <ClInclude Include="..\..\..\qemu\include\qapi\qmp\qfloat.h">
      <Filter>qemu\include\qapi\qmp</Filter>
    </ClInclude>
    <ClInclude Include="..\..\..\qemu\include\qapi\qmp\qint.h">
      <Filter>qemu\include\qapi\qmp</Filter>
    </ClInclude>
    <ClInclude Include="..\..\..\qemu\include\qapi\qmp\qjson.h">
      <Filter>qemu\include\qapi\qmp</Filter>
    </ClInclude>
    <ClInclude Include="..\..\..\qemu\include\qapi\qmp\qlist.h">
      <Filter>qemu\include\qapi\qmp</Filter>
    </ClInclude>
    <ClInclude Include="..\..\..\qemu\include\qapi\qmp\qobject.h">
      <Filter>qemu\include\qapi\qmp</Filter>
    </ClInclude>
    <ClInclude Include="..\..\..\qemu\include\qapi\qmp\qstring.h">
      <Filter>qemu\include\qapi\qmp</Filter>
    </ClInclude>
    <ClInclude Include="..\..\..\qemu\include\qapi\qmp\types.h">
      <Filter>qemu\include\qapi\qmp</Filter>
    </ClInclude>
    <ClInclude Include="..\..\..\qemu\include\qemu\aes.h">
      <Filter>qemu\include\qemu</Filter>
    </ClInclude>
    <ClInclude Include="..\..\..\qemu\include\qemu\atomic.h">
      <Filter>qemu\include\qemu</Filter>
    </ClInclude>
    <ClInclude Include="..\..\..\qemu\include\qemu\bitmap.h">
      <Filter>qemu\include\qemu</Filter>
    </ClInclude>
    <ClInclude Include="..\..\..\qemu\include\qemu\bitops.h">
      <Filter>qemu\include\qemu</Filter>
    </ClInclude>
    <ClInclude Include="..\..\..\qemu\include\qemu\bswap.h">
      <Filter>qemu\include\qemu</Filter>
    </ClInclude>
    <ClInclude Include="..\..\..\qemu\include\qemu\compiler.h">
      <Filter>qemu\include\qemu</Filter>
    </ClInclude>
    <ClInclude Include="..\..\..\qemu\include\qemu\crc32c.h">
      <Filter>qemu\include\qemu</Filter>
    </ClInclude>
    <ClInclude Include="..\..\..\qemu\include\qemu\host-utils.h">
      <Filter>qemu\include\qemu</Filter>
    </ClInclude>
    <ClInclude Include="..\..\..\qemu\include\qemu\int128.h">
      <Filter>qemu\include\qemu</Filter>
    </ClInclude>
    <ClInclude Include="..\..\..\qemu\include\qemu\log.h">
      <Filter>qemu\include\qemu</Filter>
    </ClInclude>
    <ClInclude Include="..\..\..\qemu\include\qemu\module.h">
      <Filter>qemu\include\qemu</Filter>
    </ClInclude>
    <ClInclude Include="..\..\..\qemu\include\qemu\notify.h">
      <Filter>qemu\include\qemu</Filter>
    </ClInclude>
    <ClInclude Include="..\..\..\qemu\include\qemu\osdep.h">
      <Filter>qemu\include\qemu</Filter>
    </ClInclude>
    <ClInclude Include="..\..\..\qemu\include\qemu\queue.h">
      <Filter>qemu\include\qemu</Filter>
    </ClInclude>
    <ClInclude Include="..\..\..\qemu\include\qemu\range.h">
      <Filter>qemu\include\qemu</Filter>
    </ClInclude>
    <ClInclude Include="..\..\..\qemu\include\qemu\thread-posix.h">
      <Filter>qemu\include\qemu</Filter>
    </ClInclude>
    <ClInclude Include="..\..\..\qemu\include\qemu\thread-win32.h">
      <Filter>qemu\include\qemu</Filter>
    </ClInclude>
    <ClInclude Include="..\..\..\qemu\include\qemu\thread.h">
      <Filter>qemu\include\qemu</Filter>
    </ClInclude>
    <ClInclude Include="..\..\..\qemu\include\qemu\timer.h">
      <Filter>qemu\include\qemu</Filter>
    </ClInclude>
    <ClInclude Include="..\..\..\qemu\include\qemu\typedefs.h">
      <Filter>qemu\include\qemu</Filter>
    </ClInclude>
    <ClInclude Include="..\..\..\qemu\include\qom\cpu.h">
      <Filter>qemu\include\qom</Filter>
    </ClInclude>
    <ClInclude Include="..\..\..\qemu\include\qom\object.h">
      <Filter>qemu\include\qom</Filter>
    </ClInclude>
    <ClInclude Include="..\..\..\qemu\include\qom\qom-qobject.h">
      <Filter>qemu\include\qom</Filter>
    </ClInclude>
    <ClInclude Include="..\..\..\qemu\include\sysemu\accel.h">
      <Filter>qemu\include\sysemu</Filter>
    </ClInclude>
    <ClInclude Include="..\..\..\qemu\include\sysemu\cpus.h">
      <Filter>qemu\include\sysemu</Filter>
    </ClInclude>
    <ClInclude Include="..\..\..\qemu\include\sysemu\memory_mapping.h">
      <Filter>qemu\include\sysemu</Filter>
    </ClInclude>
    <ClInclude Include="..\..\..\qemu\include\sysemu\os-win32.h">
      <Filter>qemu\include\sysemu</Filter>
    </ClInclude>
    <ClInclude Include="..\..\..\qemu\include\sysemu\sysemu.h">
      <Filter>qemu\include\sysemu</Filter>
    </ClInclude>
    <ClInclude Include="..\..\..\include\unicorn\arm.h" />
    <ClInclude Include="..\..\..\include\unicorn\arm64.h" />
    <ClInclude Include="..\..\..\include\unicorn\m68k.h" />
    <ClInclude Include="..\..\..\include\unicorn\mips.h" />
    <ClInclude Include="..\..\..\include\unicorn\platform.h" />
    <ClInclude Include="..\..\..\include\unicorn\sparc.h" />
    <ClInclude Include="..\..\..\include\unicorn\unicorn.h" />
    <ClInclude Include="..\..\..\include\unicorn\x86.h" />
  </ItemGroup>
  <ItemGroup>
    <MASM Include="..\..\..\qemu\util\setjmp-wrapper-win32.asm" />
  </ItemGroup>
</Project>