<?xml version="1.0" encoding="utf-8"?>
<Project ToolsVersion="4.0" xmlns="http://schemas.microsoft.com/developer/msbuild/2003">
  <ItemGroup>
    <Filter Include="fpu">
      <UniqueIdentifier>{db59a62f-c036-40c3-9dd8-8b30c9f06415}</UniqueIdentifier>
    </Filter>
    <Filter Include="hw">
      <UniqueIdentifier>{42fe7224-78f7-45a5-a173-9ed3bdeb1985}</UniqueIdentifier>
    </Filter>
    <Filter Include="hw\i386">
      <UniqueIdentifier>{f33c9635-4286-435a-ab9c-3f2f245ce7f9}</UniqueIdentifier>
    </Filter>
    <Filter Include="hw\intc">
      <UniqueIdentifier>{afdb0084-499f-46ea-97a2-6920a8f64800}</UniqueIdentifier>
    </Filter>
    <Filter Include="target-i386">
      <UniqueIdentifier>{dc6b560b-40ea-47a1-91f1-50718313849f}</UniqueIdentifier>
    </Filter>
    <Filter Include="tcg">
      <UniqueIdentifier>{d3a1fd5b-09b0-4896-af49-5b3668f03a72}</UniqueIdentifier>
    </Filter>
    <Filter Include="tcg\i386">
      <UniqueIdentifier>{9b7b99b2-982e-46b5-aff2-1ff3a353d3db}</UniqueIdentifier>
    </Filter>
  </ItemGroup>
  <ItemGroup>
    <ClInclude Include="..\..\..\qemu\tcg\tcg.h">
      <Filter>tcg</Filter>
    </ClInclude>
    <ClInclude Include="..\..\..\qemu\tcg\tcg-be-ldst.h">
      <Filter>tcg</Filter>
    </ClInclude>
    <ClInclude Include="..\..\..\qemu\tcg\tcg-be-null.h">
      <Filter>tcg</Filter>
    </ClInclude>
    <ClInclude Include="..\..\..\qemu\tcg\tcg-op.h">
      <Filter>tcg</Filter>
    </ClInclude>
    <ClInclude Include="..\..\..\qemu\tcg\tcg-opc.h">
      <Filter>tcg</Filter>
    </ClInclude>
    <ClInclude Include="..\..\..\qemu\tcg\tcg-runtime.h">
      <Filter>tcg</Filter>
    </ClInclude>
    <ClInclude Include="..\..\..\qemu\fpu\softfloat-macros.h">
      <Filter>fpu</Filter>
    </ClInclude>
    <ClInclude Include="..\..\..\qemu\fpu\softfloat-specialize.h">
      <Filter>fpu</Filter>
    </ClInclude>
    <ClInclude Include="..\..\..\qemu\target-i386\cpu-qom.h">
      <Filter>target-i386</Filter>
    </ClInclude>
    <ClInclude Include="..\..\..\qemu\tcg\i386\tcg-target.h">
      <Filter>tcg\i386</Filter>
    </ClInclude>
    <ClInclude Include="..\..\..\qemu\target-i386\cc_helper_template.h">
      <Filter>target-i386</Filter>
    </ClInclude>
    <ClInclude Include="..\..\..\qemu\target-i386\cpu.h">
      <Filter>target-i386</Filter>
    </ClInclude>
    <ClInclude Include="..\..\..\qemu\target-i386\helper.h">
      <Filter>target-i386</Filter>
    </ClInclude>
    <ClInclude Include="..\..\..\qemu\target-i386\ops_sse.h">
      <Filter>target-i386</Filter>
    </ClInclude>
    <ClInclude Include="..\..\..\qemu\target-i386\ops_sse_header.h">
      <Filter>target-i386</Filter>
    </ClInclude>
    <ClInclude Include="..\..\..\qemu\target-i386\shift_helper_template.h">
      <Filter>target-i386</Filter>
    </ClInclude>
    <ClInclude Include="..\..\..\qemu\target-i386\svm.h">
      <Filter>target-i386</Filter>
    </ClInclude>
    <ClInclude Include="..\..\..\qemu\target-i386\topology.h">
      <Filter>target-i386</Filter>
    </ClInclude>
    <ClInclude Include="..\..\..\qemu\target-i386\unicorn.h">
      <Filter>target-i386</Filter>
    </ClInclude>
    <ClInclude Include="..\..\..\qemu\x86_64.h" />
    <ClInclude Include="..\config-host.h" />
    <ClInclude Include="config-target.h" />
  </ItemGroup>
  <ItemGroup>
    <ClCompile Include="..\..\..\qemu\cpu-exec.c" />
    <ClCompile Include="..\..\..\qemu\cpus.c" />
    <ClCompile Include="..\..\..\qemu\cputlb.c" />
    <ClCompile Include="..\..\..\qemu\exec.c" />
    <ClCompile Include="..\..\..\qemu\ioport.c" />
    <ClCompile Include="..\..\..\qemu\memory.c" />
    <ClCompile Include="..\..\..\qemu\memory_mapping.c" />
    <ClCompile Include="..\..\..\qemu\translate-all.c" />
    <ClCompile Include="..\..\..\qemu\fpu\softfloat.c">
      <Filter>fpu</Filter>
    </ClCompile>
    <ClCompile Include="..\..\..\qemu\hw\i386\pc.c">
      <Filter>hw\i386</Filter>
    </ClCompile>
    <ClCompile Include="..\..\..\qemu\hw\i386\pc_piix.c">
      <Filter>hw\i386</Filter>
    </ClCompile>
    <ClCompile Include="..\..\..\qemu\hw\intc\apic.c">
      <Filter>hw\intc</Filter>
    </ClCompile>
    <ClCompile Include="..\..\..\qemu\hw\intc\apic_common.c">
      <Filter>hw\intc</Filter>
    </ClCompile>
    <ClCompile Include="..\..\..\qemu\target-i386\arch_memory_mapping.c">
      <Filter>target-i386</Filter>
    </ClCompile>
    <ClCompile Include="..\..\..\qemu\target-i386\cc_helper.c">
      <Filter>target-i386</Filter>
    </ClCompile>
    <ClCompile Include="..\..\..\qemu\target-i386\cpu.c">
      <Filter>target-i386</Filter>
    </ClCompile>
    <ClCompile Include="..\..\..\qemu\target-i386\excp_helper.c">
      <Filter>target-i386</Filter>
    </ClCompile>
    <ClCompile Include="..\..\..\qemu\target-i386\fpu_helper.c">
      <Filter>target-i386</Filter>
    </ClCompile>
    <ClCompile Include="..\..\..\qemu\target-i386\helper.c">
      <Filter>target-i386</Filter>
    </ClCompile>
    <ClCompile Include="..\..\..\qemu\target-i386\int_helper.c">
      <Filter>target-i386</Filter>
    </ClCompile>
    <ClCompile Include="..\..\..\qemu\target-i386\mem_helper.c">
      <Filter>target-i386</Filter>
    </ClCompile>
    <ClCompile Include="..\..\..\qemu\target-i386\misc_helper.c">
      <Filter>target-i386</Filter>
    </ClCompile>
    <ClCompile Include="..\..\..\qemu\target-i386\seg_helper.c">
      <Filter>target-i386</Filter>
    </ClCompile>
    <ClCompile Include="..\..\..\qemu\target-i386\smm_helper.c">
      <Filter>target-i386</Filter>
    </ClCompile>
    <ClCompile Include="..\..\..\qemu\target-i386\svm_helper.c">
      <Filter>target-i386</Filter>
    </ClCompile>
    <ClCompile Include="..\..\..\qemu\target-i386\translate.c">
      <Filter>target-i386</Filter>
    </ClCompile>
    <ClCompile Include="..\..\..\qemu\target-i386\unicorn.c">
      <Filter>target-i386</Filter>
    </ClCompile>
    <ClCompile Include="..\..\..\qemu\tcg\tcg.c">
      <Filter>tcg</Filter>
    </ClCompile>
    <ClCompile Include="..\..\..\qemu\tcg\optimize.c">
      <Filter>tcg</Filter>
    </ClCompile>
    <ClCompile Include="..\..\..\qemu\tcg\i386\tcg-target.c">
      <Filter>tcg\i386</Filter>
    </ClCompile>
  </ItemGroup>
</Project>