<?xml version="1.0" encoding="utf-8"?>
<Project ToolsVersion="4.0" xmlns="http://schemas.microsoft.com/developer/msbuild/2003">
  <ItemGroup>
    <Filter Include="fpu">
      <UniqueIdentifier>{5c1c56e9-7777-47ee-b021-c79bd6ad8c38}</UniqueIdentifier>
    </Filter>
    <Filter Include="hw">
      <UniqueIdentifier>{9c860878-f381-4c2e-86db-b7ba81b46c10}</UniqueIdentifier>
    </Filter>
    <Filter Include="hw\arm">
      <UniqueIdentifier>{2f89d71a-2c88-497f-960b-42c3ac537df4}</UniqueIdentifier>
    </Filter>
    <Filter Include="target-arm">
      <UniqueIdentifier>{31088e8b-a2b5-4e0a-a288-4f9c537c350a}</UniqueIdentifier>
    </Filter>
    <Filter Include="tcg">
      <UniqueIdentifier>{56559ccc-d240-4e06-b74b-8bd230f7fe07}</UniqueIdentifier>
    </Filter>
    <Filter Include="tcg\i386">
      <UniqueIdentifier>{b6c188d2-6b51-4697-ade2-a3c42f88a39d}</UniqueIdentifier>
    </Filter>
  </ItemGroup>
  <ItemGroup>
    <ClInclude Include="..\..\..\qemu\fpu\softfloat-macros.h">
      <Filter>fpu</Filter>
    </ClInclude>
    <ClInclude Include="..\..\..\qemu\fpu\softfloat-specialize.h">
      <Filter>fpu</Filter>
    </ClInclude>
    <ClInclude Include="..\..\..\qemu\target-arm\arm_ldst.h">
      <Filter>target-arm</Filter>
    </ClInclude>
    <ClInclude Include="..\..\..\qemu\target-arm\cpu-qom.h">
      <Filter>target-arm</Filter>
    </ClInclude>
    <ClInclude Include="..\..\..\qemu\target-arm\cpu.h">
      <Filter>target-arm</Filter>
    </ClInclude>
    <ClInclude Include="..\..\..\qemu\target-arm\helper.h">
      <Filter>target-arm</Filter>
    </ClInclude>
    <ClInclude Include="..\..\..\qemu\target-arm\internals.h">
      <Filter>target-arm</Filter>
    </ClInclude>
    <ClInclude Include="..\..\..\qemu\target-arm\kvm-consts.h">
      <Filter>target-arm</Filter>
    </ClInclude>
    <ClInclude Include="..\..\..\qemu\target-arm\op_addsub.h">
      <Filter>target-arm</Filter>
    </ClInclude>
    <ClInclude Include="..\..\..\qemu\target-arm\translate.h">
      <Filter>target-arm</Filter>
    </ClInclude>
    <ClInclude Include="..\..\..\qemu\target-arm\unicorn.h">
      <Filter>target-arm</Filter>
    </ClInclude>
    <ClInclude Include="..\..\..\qemu\tcg\tcg-be-ldst.h">
      <Filter>tcg</Filter>
    </ClInclude>
    <ClInclude Include="..\..\..\qemu\tcg\tcg-be-null.h">
      <Filter>tcg</Filter>
    </ClInclude>
    <ClInclude Include="..\..\..\qemu\tcg\tcg-op.h">
      <Filter>tcg</Filter>
    </ClInclude>
    <ClInclude Include="..\..\..\qemu\tcg\tcg-opc.h">
      <Filter>tcg</Filter>
    </ClInclude>
    <ClInclude Include="..\..\..\qemu\tcg\tcg-runtime.h">
      <Filter>tcg</Filter>
    </ClInclude>
    <ClInclude Include="..\..\..\qemu\tcg\tcg.h">
      <Filter>tcg</Filter>
    </ClInclude>
    <ClInclude Include="..\..\..\qemu\tcg\i386\tcg-target.h">
      <Filter>tcg\i386</Filter>
    </ClInclude>
    <ClInclude Include="..\..\..\qemu\armeb.h" />
    <ClInclude Include="..\config-host.h" />
    <ClInclude Include="config-target.h" />
  </ItemGroup>
  <ItemGroup>
    <ClCompile Include="..\..\..\qemu\fpu\softfloat.c">
      <Filter>fpu</Filter>
    </ClCompile>
    <ClCompile Include="..\..\..\qemu\hw\arm\tosa.c">
      <Filter>hw\arm</Filter>
    </ClCompile>
    <ClCompile Include="..\..\..\qemu\hw\arm\virt.c">
      <Filter>hw\arm</Filter>
    </ClCompile>
    <ClCompile Include="..\..\..\qemu\target-arm\cpu.c">
      <Filter>target-arm</Filter>
    </ClCompile>
    <ClCompile Include="..\..\..\qemu\target-arm\crypto_helper.c">
      <Filter>target-arm</Filter>
    </ClCompile>
    <ClCompile Include="..\..\..\qemu\target-arm\helper.c">
      <Filter>target-arm</Filter>
    </ClCompile>
    <ClCompile Include="..\..\..\qemu\target-arm\iwmmxt_helper.c">
      <Filter>target-arm</Filter>
    </ClCompile>
    <ClCompile Include="..\..\..\qemu\target-arm\neon_helper.c">
      <Filter>target-arm</Filter>
    </ClCompile>
    <ClCompile Include="..\..\..\qemu\target-arm\op_helper.c">
      <Filter>target-arm</Filter>
    </ClCompile>
    <ClCompile Include="..\..\..\qemu\target-arm\psci.c">
      <Filter>target-arm</Filter>
    </ClCompile>
    <ClCompile Include="..\..\..\qemu\target-arm\translate.c">
      <Filter>target-arm</Filter>
    </ClCompile>
    <ClCompile Include="..\..\..\qemu\target-arm\unicorn_arm.c">
      <Filter>target-arm</Filter>
    </ClCompile>
    <ClCompile Include="..\..\..\qemu\tcg\optimize.c">
      <Filter>tcg</Filter>
    </ClCompile>
    <ClCompile Include="..\..\..\qemu\tcg\tcg.c">
      <Filter>tcg</Filter>
    </ClCompile>
    <ClCompile Include="..\..\..\qemu\tcg\i386\tcg-target.c">
      <Filter>tcg\i386</Filter>
    </ClCompile>
    <ClCompile Include="..\..\..\qemu\cpu-exec.c" />
    <ClCompile Include="..\..\..\qemu\cpus.c" />
    <ClCompile Include="..\..\..\qemu\cputlb.c" />
    <ClCompile Include="..\..\..\qemu\exec.c" />
    <ClCompile Include="..\..\..\qemu\ioport.c" />
    <ClCompile Include="..\..\..\qemu\memory.c" />
    <ClCompile Include="..\..\..\qemu\memory_mapping.c" />
    <ClCompile Include="..\..\..\qemu\translate-all.c" />
  </ItemGroup>
</Project>