
Microsoft Visual Studio Solution File, Format Version 12.00
# Visual Studio 2012
Project("{8BC9CEB8-8B4A-11D0-8D11-00A0C91BC942}") = "x86_64-softmmu", "unicorn\x86_64-softmmu\x86_64-softmmu.vcxproj", "{17077E86-AE7C-41AF-86ED-2BAC03B019BC}"
EndProject
Project("{8BC9CEB8-8B4A-11D0-8D11-00A0C91BC942}") = "unicorn", "unicorn\unicorn\unicorn.vcxproj", "{B6EFD6D7-C2D4-4FBB-B363-2E08CE09CC96}"
	ProjectSection(ProjectDependencies) = postProject
		{17077E86-AE7C-41AF-86ED-2BAC03B019BC} = {17077E86-AE7C-41AF-86ED-2BAC03B019BC}
	EndProjectSection
EndProject
Project("{8BC9CEB8-8B4A-11D0-8D11-00A0C91BC942}") = "sample_x86", "samples\sample_x86\sample_x86.vcxproj", "{F8053D66-8267-433A-BF2C-E07E2298C338}"
	ProjectSection(ProjectDependencies) = postProject
		{17077E86-AE7C-41AF-86ED-2BAC03B019BC} = {17077E86-AE7C-41AF-86ED-2BAC03B019BC}
		{B6EFD6D7-C2D4-4FBB-B363-2E08CE09CC96} = {B6EFD6D7-C2D4-4FBB-B363-2E08CE09CC96}
	EndProjectSection
EndProject
Project("{8BC9CEB8-8B4A-11D0-8D11-00A0C91BC942}") = "aarch64-softmmu", "unicorn\aarch64-softmmu\aarch64-softmmu.vcxproj", "{2A7F483F-CD19-4F84-BBDA-B6A1865E2773}"
EndProject
Project("{8BC9CEB8-8B4A-11D0-8D11-00A0C91BC942}") = "arm-softmmu", "unicorn\arm-softmmu\arm-softmmu.vcxproj", "{F67EB1EA-DCFA-4758-A2AA-4B570BA78036}"
EndProject
Project("{8BC9CEB8-8B4A-11D0-8D11-00A0C91BC942}") = "m68k-softmmu", "unicorn\m68k-softmmu\m68k-softmmu.vcxproj", "{2C5AD347-6E34-463B-8289-00578E43B255}"
EndProject
Project("{8BC9CEB8-8B4A-11D0-8D11-00A0C91BC942}") = "mips-softmmu", "unicorn\mips-softmmu\mips-softmmu.vcxproj", "{63050112-E486-4396-B5E4-303C3BC12D39}"
EndProject
Project("{8BC9CEB8-8B4A-11D0-8D11-00A0C91BC942}") = "mips64-softmmu", "unicorn\mips64-softmmu\mips64-softmmu.vcxproj", "{4A9F9353-DB63-460A-BB1C-9CB519DFD414}"
EndProject
Project("{8BC9CEB8-8B4A-11D0-8D11-00A0C91BC942}") = "mips64el-softmmu", "unicorn\mips64el-softmmu\mips64el-softmmu.vcxproj", "{4478909E-6983-425C-9D9F-558CF258E61E}"
EndProject
Project("{8BC9CEB8-8B4A-11D0-8D11-00A0C91BC942}") = "mipsel-softmmu", "unicorn\mipsel-softmmu\mipsel-softmmu.vcxproj", "{006A7908-ABF3-4D18-BC35-0A29E39B95F9}"
EndProject
Project("{8BC9CEB8-8B4A-11D0-8D11-00A0C91BC942}") = "sparc-softmmu", "unicorn\sparc-softmmu\sparc-softmmu.vcxproj", "{698C2D54-475C-446F-B879-F629BBEF75FE}"
EndProject
Project("{8BC9CEB8-8B4A-11D0-8D11-00A0C91BC942}") = "sparc64-softmmu", "unicorn\sparc64-softmmu\sparc64-softmmu.vcxproj", "{8804AD29-E398-480C-AC0F-98EC1B7A51CB}"
EndProject
Project("{2150E333-8FDC-42A3-9474-1A3956D46DE8}") = "softmmu", "softmmu", "{857A09AF-FE20-461C-B66F-D779422AD46B}"
EndProject
Project("{2150E333-8FDC-42A3-9474-1A3956D46DE8}") = "samples", "samples", "{F8E85E25-4D67-4A6B-A976-C920790B8798}"
EndProject
Global
	GlobalSection(SolutionConfigurationPlatforms) = preSolution
		Debug|Win32 = Debug|Win32
		Debug|x64 = Debug|x64
		Release|Win32 = Release|Win32
		Release|x64 = Release|x64
	EndGlobalSection
	GlobalSection(ProjectConfigurationPlatforms) = postSolution
		{17077E86-AE7C-41AF-86ED-2BAC03B019BC}.Debug|Win32.ActiveCfg = Debug|Win32
		{17077E86-AE7C-41AF-86ED-2BAC03B019BC}.Debug|Win32.Build.0 = Debug|Win32
		{17077E86-AE7C-41AF-86ED-2BAC03B019BC}.Debug|x64.ActiveCfg = Debug|x64
		{17077E86-AE7C-41AF-86ED-2BAC03B019BC}.Debug|x64.Build.0 = Debug|x64
		{17077E86-AE7C-41AF-86ED-2BAC03B019BC}.Release|Win32.ActiveCfg = Release|Win32
		{17077E86-AE7C-41AF-86ED-2BAC03B019BC}.Release|Win32.Build.0 = Release|Win32
		{17077E86-AE7C-41AF-86ED-2BAC03B019BC}.Release|x64.ActiveCfg = Release|x64
		{17077E86-AE7C-41AF-86ED-2BAC03B019BC}.Release|x64.Build.0 = Release|x64
		{B6EFD6D7-C2D4-4FBB-B363-2E08CE09CC96}.Debug|Win32.ActiveCfg = Debug|Win32
		{B6EFD6D7-C2D4-4FBB-B363-2E08CE09CC96}.Debug|Win32.Build.0 = Debug|Win32
		{B6EFD6D7-C2D4-4FBB-B363-2E08CE09CC96}.Debug|x64.ActiveCfg = Debug|x64
		{B6EFD6D7-C2D4-4FBB-B363-2E08CE09CC96}.Debug|x64.Build.0 = Debug|x64
		{B6EFD6D7-C2D4-4FBB-B363-2E08CE09CC96}.Release|Win32.ActiveCfg = Release|Win32
		{B6EFD6D7-C2D4-4FBB-B363-2E08CE09CC96}.Release|Win32.Build.0 = Release|Win32
		{B6EFD6D7-C2D4-4FBB-B363-2E08CE09CC96}.Release|x64.ActiveCfg = Release|x64
		{B6EFD6D7-C2D4-4FBB-B363-2E08CE09CC96}.Release|x64.Build.0 = Release|x64
		{F8053D66-8267-433A-BF2C-E07E2298C338}.Debug|Win32.ActiveCfg = Debug|Win32
		{F8053D66-8267-433A-BF2C-E07E2298C338}.Debug|Win32.Build.0 = Debug|Win32
		{F8053D66-8267-433A-BF2C-E07E2298C338}.Debug|x64.ActiveCfg = Debug|x64
		{F8053D66-8267-433A-BF2C-E07E2298C338}.Debug|x64.Build.0 = Debug|x64
		{F8053D66-8267-433A-BF2C-E07E2298C338}.Release|Win32.ActiveCfg = Release|Win32
		{F8053D66-8267-433A-BF2C-E07E2298C338}.Release|Win32.Build.0 = Release|Win32
		{F8053D66-8267-433A-BF2C-E07E2298C338}.Release|x64.ActiveCfg = Release|x64
		{F8053D66-8267-433A-BF2C-E07E2298C338}.Release|x64.Build.0 = Release|x64
		{2A7F483F-CD19-4F84-BBDA-B6A1865E2773}.Debug|Win32.ActiveCfg = Debug|Win32
		{2A7F483F-CD19-4F84-BBDA-B6A1865E2773}.Debug|x64.ActiveCfg = Debug|x64
		{2A7F483F-CD19-4F84-BBDA-B6A1865E2773}.Release|Win32.ActiveCfg = Release|Win32
		{2A7F483F-CD19-4F84-BBDA-B6A1865E2773}.Release|x64.ActiveCfg = Release|x64
		{F67EB1EA-DCFA-4758-A2AA-4B570BA78036}.Debug|Win32.ActiveCfg = Debug|Win32
		{F67EB1EA-DCFA-4758-A2AA-4B570BA78036}.Debug|x64.ActiveCfg = Debug|x64
		{F67EB1EA-DCFA-4758-A2AA-4B570BA78036}.Release|Win32.ActiveCfg = Release|Win32
		{F67EB1EA-DCFA-4758-A2AA-4B570BA78036}.Release|x64.ActiveCfg = Release|x64
		{2C5AD347-6E34-463B-8289-00578E43B255}.Debug|Win32.ActiveCfg = Debug|Win32
		{2C5AD347-6E34-463B-8289-00578E43B255}.Debug|x64.ActiveCfg = Debug|x64
		{2C5AD347-6E34-463B-8289-00578E43B255}.Release|Win32.ActiveCfg = Release|Win32
		{2C5AD347-6E34-463B-8289-00578E43B255}.Release|x64.ActiveCfg = Release|x64
		{63050112-E486-4396-B5E4-303C3BC12D39}.Debug|Win32.ActiveCfg = Debug|Win32
		{63050112-E486-4396-B5E4-303C3BC12D39}.Debug|x64.ActiveCfg = Debug|x64
		{63050112-E486-4396-B5E4-303C3BC12D39}.Release|Win32.ActiveCfg = Release|Win32
		{63050112-E486-4396-B5E4-303C3BC12D39}.Release|x64.ActiveCfg = Release|x64
		{4A9F9353-DB63-460A-BB1C-9CB519DFD414}.Debug|Win32.ActiveCfg = Debug|Win32
		{4A9F9353-DB63-460A-BB1C-9CB519DFD414}.Debug|x64.ActiveCfg = Debug|x64
		{4A9F9353-DB63-460A-BB1C-9CB519DFD414}.Release|Win32.ActiveCfg = Release|Win32
		{4A9F9353-DB63-460A-BB1C-9CB519DFD414}.Release|x64.ActiveCfg = Release|x64
		{4478909E-6983-425C-9D9F-558CF258E61E}.Debug|Win32.ActiveCfg = Debug|Win32
		{4478909E-6983-425C-9D9F-558CF258E61E}.Debug|x64.ActiveCfg = Debug|x64
		{4478909E-6983-425C-9D9F-558CF258E61E}.Release|Win32.ActiveCfg = Release|Win32
		{4478909E-6983-425C-9D9F-558CF258E61E}.Release|x64.ActiveCfg = Release|x64
		{006A7908-ABF3-4D18-BC35-0A29E39B95F9}.Debug|Win32.ActiveCfg = Debug|Win32
		{006A7908-ABF3-4D18-BC35-0A29E39B95F9}.Debug|x64.ActiveCfg = Debug|x64
		{006A7908-ABF3-4D18-BC35-0A29E39B95F9}.Release|Win32.ActiveCfg = Release|Win32
		{006A7908-ABF3-4D18-BC35-0A29E39B95F9}.Release|x64.ActiveCfg = Release|x64
		{698C2D54-475C-446F-B879-F629BBEF75FE}.Debug|Win32.ActiveCfg = Debug|Win32
		{698C2D54-475C-446F-B879-F629BBEF75FE}.Debug|x64.ActiveCfg = Debug|x64
		{698C2D54-475C-446F-B879-F629BBEF75FE}.Release|Win32.ActiveCfg = Release|Win32
		{698C2D54-475C-446F-B879-F629BBEF75FE}.Release|x64.ActiveCfg = Release|x64
		{8804AD29-E398-480C-AC0F-98EC1B7A51CB}.Debug|Win32.ActiveCfg = Debug|Win32
		{8804AD29-E398-480C-AC0F-98EC1B7A51CB}.Debug|x64.ActiveCfg = Debug|x64
		{8804AD29-E398-480C-AC0F-98EC1B7A51CB}.Release|Win32.ActiveCfg = Release|Win32
		{8804AD29-E398-480C-AC0F-98EC1B7A51CB}.Release|x64.ActiveCfg = Release|x64
	EndGlobalSection
	GlobalSection(SolutionProperties) = preSolution
		HideSolutionNode = FALSE
	EndGlobalSection
	GlobalSection(NestedProjects) = preSolution
		{2A7F483F-CD19-4F84-BBDA-B6A1865E2773} = {857A09AF-FE20-461C-B66F-D779422AD46B}
		{F67EB1EA-DCFA-4758-A2AA-4B570BA78036} = {857A09AF-FE20-461C-B66F-D779422AD46B}
		{2C5AD347-6E34-463B-8289-00578E43B255} = {857A09AF-FE20-461C-B66F-D779422AD46B}
		{63050112-E486-4396-B5E4-303C3BC12D39} = {857A09AF-FE20-461C-B66F-D779422AD46B}
		{4A9F9353-DB63-460A-BB1C-9CB519DFD414} = {857A09AF-FE20-461C-B66F-D779422AD46B}
		{4478909E-6983-425C-9D9F-558CF258E61E} = {857A09AF-FE20-461C-B66F-D779422AD46B}
		{006A7908-ABF3-4D18-BC35-0A29E39B95F9} = {857A09AF-FE20-461C-B66F-D779422AD46B}
		{698C2D54-475C-446F-B879-F629BBEF75FE} = {857A09AF-FE20-461C-B66F-D779422AD46B}
		{8804AD29-E398-480C-AC0F-98EC1B7A51CB} = {857A09AF-FE20-461C-B66F-D779422AD46B}
		{17077E86-AE7C-41AF-86ED-2BAC03B019BC} = {857A09AF-FE20-461C-B66F-D779422AD46B}
		{F8053D66-8267-433A-BF2C-E07E2298C338} = {F8E85E25-4D67-4A6B-A976-C920790B8798}
	EndGlobalSection
EndGlobal
