
Microsoft Visual Studio Solution File, Format Version 12.00
# Visual Studio 2012
Project("{8BC9CEB8-8B4A-11D0-8D11-00A0C91BC942}") = "unicorn", "unicorn\unicorn\unicorn.vcxproj", "{ACB78BBB-E8F4-4EAD-B981-9C6155DE100B}"
	ProjectSection(ProjectDependencies) = postProject
		{740F3007-7BF0-4C0C-8FA5-2587C794EF31} = {740F3007-7BF0-4C0C-8FA5-2587C794EF31}
		{006A7908-ABF3-4D18-BC35-0A29E39B95F9} = {006A7908-ABF3-4D18-BC35-0A29E39B95F9}
		{63050112-E486-4396-B5E4-303C3BC12D39} = {63050112-E486-4396-B5E4-303C3BC12D39}
		{8804AD29-E398-480C-AC0F-98EC1B7A51CB} = {8804AD29-E398-480C-AC0F-98EC1B7A51CB}
		{2A7F483F-CD19-4F84-BBDA-B6A1865E2773} = {2A7F483F-CD19-4F84-BBDA-B6A1865E2773}
		{2C5AD347-6E34-463B-8289-00578E43B255} = {2C5AD347-6E34-463B-8289-00578E43B255}
		{4A9F9353-DB63-460A-BB1C-9CB519DFD414} = {4A9F9353-DB63-460A-BB1C-9CB519DFD414}
		{698C2D54-475C-446F-B879-F629BBEF75FE} = {698C2D54-475C-446F-B879-F629BBEF75FE}
		{17077E86-AE7C-41AF-86ED-2BAC03B019BC} = {17077E86-AE7C-41AF-86ED-2BAC03B019BC}
		{4478909E-6983-425C-9D9F-558CF258E61E} = {4478909E-6983-425C-9D9F-558CF258E61E}
		{340D86A5-E53C-490B-880A-8EB1F5BDE947} = {340D86A5-E53C-490B-880A-8EB1F5BDE947}
		{F67EB1EA-DCFA-4758-A2AA-4B570BA78036} = {F67EB1EA-DCFA-4758-A2AA-4B570BA78036}
	EndProjectSection
EndProject
Project("{8BC9CEB8-8B4A-11D0-8D11-00A0C91BC942}") = "unicorn_static", "unicorn\unicorn_static\unicorn_static.vcxproj", "{B6EFD6D7-C2D4-4FBB-B363-2E08CE09CC96}"
	ProjectSection(ProjectDependencies) = postProject
		{740F3007-7BF0-4C0C-8FA5-2587C794EF31} = {740F3007-7BF0-4C0C-8FA5-2587C794EF31}
		{006A7908-ABF3-4D18-BC35-0A29E39B95F9} = {006A7908-ABF3-4D18-BC35-0A29E39B95F9}
		{63050112-E486-4396-B5E4-303C3BC12D39} = {63050112-E486-4396-B5E4-303C3BC12D39}
		{8804AD29-E398-480C-AC0F-98EC1B7A51CB} = {8804AD29-E398-480C-AC0F-98EC1B7A51CB}
		{2A7F483F-CD19-4F84-BBDA-B6A1865E2773} = {2A7F483F-CD19-4F84-BBDA-B6A1865E2773}
		{2C5AD347-6E34-463B-8289-00578E43B255} = {2C5AD347-6E34-463B-8289-00578E43B255}
		{4A9F9353-DB63-460A-BB1C-9CB519DFD414} = {4A9F9353-DB63-460A-BB1C-9CB519DFD414}
		{698C2D54-475C-446F-B879-F629BBEF75FE} = {698C2D54-475C-446F-B879-F629BBEF75FE}
		{17077E86-AE7C-41AF-86ED-2BAC03B019BC} = {17077E86-AE7C-41AF-86ED-2BAC03B019BC}
		{4478909E-6983-425C-9D9F-558CF258E61E} = {4478909E-6983-425C-9D9F-558CF258E61E}
		{340D86A5-E53C-490B-880A-8EB1F5BDE947} = {340D86A5-E53C-490B-880A-8EB1F5BDE947}
		{F67EB1EA-DCFA-4758-A2AA-4B570BA78036} = {F67EB1EA-DCFA-4758-A2AA-4B570BA78036}
	EndProjectSection
EndProject
Project("{2150E333-8FDC-42A3-9474-1A3956D46DE8}") = "softmmu", "softmmu", "{857A09AF-FE20-461C-B66F-D779422AD46B}"
EndProject
Project("{8BC9CEB8-8B4A-11D0-8D11-00A0C91BC942}") = "aarch64-softmmu", "unicorn\aarch64-softmmu\aarch64-softmmu.vcxproj", "{2A7F483F-CD19-4F84-BBDA-B6A1865E2773}"
EndProject
Project("{8BC9CEB8-8B4A-11D0-8D11-00A0C91BC942}") = "arm-softmmu", "unicorn\arm-softmmu\arm-softmmu.vcxproj", "{F67EB1EA-DCFA-4758-A2AA-4B570BA78036}"
EndProject
Project("{8BC9CEB8-8B4A-11D0-8D11-00A0C91BC942}") = "armeb-softmmu", "unicorn\armeb-softmmu\armeb-softmmu.vcxproj", "{740F3007-7BF0-4C0C-8FA5-2587C794EF31}"
EndProject
Project("{8BC9CEB8-8B4A-11D0-8D11-00A0C91BC942}") = "m68k-softmmu", "unicorn\m68k-softmmu\m68k-softmmu.vcxproj", "{2C5AD347-6E34-463B-8289-00578E43B255}"
EndProject
Project("{8BC9CEB8-8B4A-11D0-8D11-00A0C91BC942}") = "mips-softmmu", "unicorn\mips-softmmu\mips-softmmu.vcxproj", "{63050112-E486-4396-B5E4-303C3BC12D39}"
EndProject
Project("{8BC9CEB8-8B4A-11D0-8D11-00A0C91BC942}") = "mips64-softmmu", "unicorn\mips64-softmmu\mips64-softmmu.vcxproj", "{4A9F9353-DB63-460A-BB1C-9CB519DFD414}"
EndProject
Project("{8BC9CEB8-8B4A-11D0-8D11-00A0C91BC942}") = "mips64el-softmmu", "unicorn\mips64el-softmmu\mips64el-softmmu.vcxproj", "{4478909E-6983-425C-9D9F-558CF258E61E}"
EndProject
Project("{8BC9CEB8-8B4A-11D0-8D11-00A0C91BC942}") = "mipsel-softmmu", "unicorn\mipsel-softmmu\mipsel-softmmu.vcxproj", "{006A7908-ABF3-4D18-BC35-0A29E39B95F9}"
EndProject
Project("{8BC9CEB8-8B4A-11D0-8D11-00A0C91BC942}") = "sparc-softmmu", "unicorn\sparc-softmmu\sparc-softmmu.vcxproj", "{698C2D54-475C-446F-B879-F629BBEF75FE}"
EndProject
Project("{8BC9CEB8-8B4A-11D0-8D11-00A0C91BC942}") = "sparc64-softmmu", "unicorn\sparc64-softmmu\sparc64-softmmu.vcxproj", "{8804AD29-E398-480C-AC0F-98EC1B7A51CB}"
EndProject
Project("{8BC9CEB8-8B4A-11D0-8D11-00A0C91BC942}") = "x86_64-softmmu", "unicorn\x86_64-softmmu\x86_64-softmmu.vcxproj", "{17077E86-AE7C-41AF-86ED-2BAC03B019BC}"
EndProject
Project("{2150E333-8FDC-42A3-9474-1A3956D46DE8}") = "samples", "samples", "{F8E85E25-4D67-4A6B-A976-C920790B8798}"
EndProject
Project("{8BC9CEB8-8B4A-11D0-8D11-00A0C91BC942}") = "mem_apis", "samples\mem_apis\mem_apis.vcxproj", "{9D588288-5A28-4AB3-96EA-442CAA508F8E}"
	ProjectSection(ProjectDependencies) = postProject
		{B6EFD6D7-C2D4-4FBB-B363-2E08CE09CC96} = {B6EFD6D7-C2D4-4FBB-B363-2E08CE09CC96}
	EndProjectSection
EndProject
Project("{8BC9CEB8-8B4A-11D0-8D11-00A0C91BC942}") = "sample_arm", "samples\sample_arm\sample_arm.vcxproj", "{9F32C692-9106-43AF-A291-779A2D8BE096}"
	ProjectSection(ProjectDependencies) = postProject
		{B6EFD6D7-C2D4-4FBB-B363-2E08CE09CC96} = {B6EFD6D7-C2D4-4FBB-B363-2E08CE09CC96}
	EndProjectSection
EndProject
Project("{8BC9CEB8-8B4A-11D0-8D11-00A0C91BC942}") = "sample_arm64", "samples\sample_arm64\sample_arm64.vcxproj", "{04DC0E3A-F247-45C2-AE27-8DE7493AA43B}"
	ProjectSection(ProjectDependencies) = postProject
		{B6EFD6D7-C2D4-4FBB-B363-2E08CE09CC96} = {B6EFD6D7-C2D4-4FBB-B363-2E08CE09CC96}
	EndProjectSection
EndProject
Project("{8BC9CEB8-8B4A-11D0-8D11-00A0C91BC942}") = "sample_batch_reg", "samples\sample_batch_reg\sample_batch_reg.vcxproj", "{7AA02EDF-D797-494B-929C-F628F4E4EA62}"
	ProjectSection(ProjectDependencies) = postProject
		{B6EFD6D7-C2D4-4FBB-B363-2E08CE09CC96} = {B6EFD6D7-C2D4-4FBB-B363-2E08CE09CC96}
	EndProjectSection
EndProject
Project("{8BC9CEB8-8B4A-11D0-8D11-00A0C91BC942}") = "sample_m68k", "samples\sample_m68k\sample_m68k.vcxproj", "{11727C54-463F-472A-88AF-6C3D6071BF0B}"
	ProjectSection(ProjectDependencies) = postProject
		{B6EFD6D7-C2D4-4FBB-B363-2E08CE09CC96} = {B6EFD6D7-C2D4-4FBB-B363-2E08CE09CC96}
	EndProjectSection
EndProject
Project("{8BC9CEB8-8B4A-11D0-8D11-00A0C91BC942}") = "sample_mips", "samples\sample_mips\sample_mips.vcxproj", "{E34ECD90-3977-4A4B-9641-4D7F1766E9FD}"
	ProjectSection(ProjectDependencies) = postProject
		{B6EFD6D7-C2D4-4FBB-B363-2E08CE09CC96} = {B6EFD6D7-C2D4-4FBB-B363-2E08CE09CC96}
	EndProjectSection
EndProject
Project("{8BC9CEB8-8B4A-11D0-8D11-00A0C91BC942}") = "sample_sparc", "samples\sample_sparc\sample_sparc.vcxproj", "{A25CA34D-2F64-442B-A5D3-B13CB56C9957}"
	ProjectSection(ProjectDependencies) = postProject
		{B6EFD6D7-C2D4-4FBB-B363-2E08CE09CC96} = {B6EFD6D7-C2D4-4FBB-B363-2E08CE09CC96}
	EndProjectSection
EndProject
Project("{8BC9CEB8-8B4A-11D0-8D11-00A0C91BC942}") = "sample_x86", "samples\sample_x86\sample_x86.vcxproj", "{F8053D66-8267-433A-BF2C-E07E2298C338}"
	ProjectSection(ProjectDependencies) = postProject
		{B6EFD6D7-C2D4-4FBB-B363-2E08CE09CC96} = {B6EFD6D7-C2D4-4FBB-B363-2E08CE09CC96}
	EndProjectSection
EndProject
Project("{8BC9CEB8-8B4A-11D0-8D11-00A0C91BC942}") = "sample_x86_32_gdt_and_seg_regs", "samples\sample_x86_32_gdt_and_seg_regs\sample_x86_32_gdt_and_seg_regs.vcxproj", "{9D96D09A-DE17-4011-9247-F0009E8D6DB5}"
	ProjectSection(ProjectDependencies) = postProject
		{B6EFD6D7-C2D4-4FBB-B363-2E08CE09CC96} = {B6EFD6D7-C2D4-4FBB-B363-2E08CE09CC96}
	EndProjectSection
EndProject
Project("{8BC9CEB8-8B4A-11D0-8D11-00A0C91BC942}") = "shellcode", "samples\shellcode\shellcode.vcxproj", "{F113B460-4B21-4014-9A15-D472FAA9E3F9}"
	ProjectSection(ProjectDependencies) = postProject
		{B6EFD6D7-C2D4-4FBB-B363-2E08CE09CC96} = {B6EFD6D7-C2D4-4FBB-B363-2E08CE09CC96}
	EndProjectSection
EndProject
Project("{8BC9CEB8-8B4A-11D0-8D11-00A0C91BC942}") = "sample_armeb", "samples\sample_armeb\sample_armeb.vcxproj", "{1945F27B-ABB3-47F9-9268-A42F73C8B992}"
	ProjectSection(ProjectDependencies) = postProject
		{B6EFD6D7-C2D4-4FBB-B363-2E08CE09CC96} = {B6EFD6D7-C2D4-4FBB-B363-2E08CE09CC96}
	EndProjectSection
EndProject
Project("{8BC9CEB8-8B4A-11D0-8D11-00A0C91BC942}") = "aarch64eb-softmmu", "unicorn\aarch64eb-softmmu\aarch64eb-softmmu.vcxproj", "{340D86A5-E53C-490B-880A-8EB1F5BDE947}"
EndProject
Project("{8BC9CEB8-8B4A-11D0-8D11-00A0C91BC942}") = "sample_arm64eb", "samples\sample_arm64eb\sample_arm64eb.vcxproj", "{1A42A5E3-82A7-4EE4-B7D2-8265B147F124}"
	ProjectSection(ProjectDependencies) = postProject
		{B6EFD6D7-C2D4-4FBB-B363-2E08CE09CC96} = {B6EFD6D7-C2D4-4FBB-B363-2E08CE09CC96}
	EndProjectSection
EndProject
Global
	GlobalSection(SolutionConfigurationPlatforms) = preSolution
		Debug|Win32 = Debug|Win32
		Debug|x64 = Debug|x64
		Release|Win32 = Release|Win32
		Release|x64 = Release|x64
	EndGlobalSection
	GlobalSection(ProjectConfigurationPlatforms) = postSolution
		{ACB78BBB-E8F4-4EAD-B981-9C6155DE100B}.Debug|Win32.ActiveCfg = Debug|Win32
		{ACB78BBB-E8F4-4EAD-B981-9C6155DE100B}.Debug|Win32.Build.0 = Debug|Win32
		{ACB78BBB-E8F4-4EAD-B981-9C6155DE100B}.Debug|x64.ActiveCfg = Debug|x64
		{ACB78BBB-E8F4-4EAD-B981-9C6155DE100B}.Debug|x64.Build.0 = Debug|x64
		{ACB78BBB-E8F4-4EAD-B981-9C6155DE100B}.Release|Win32.ActiveCfg = Release|Win32
		{ACB78BBB-E8F4-4EAD-B981-9C6155DE100B}.Release|Win32.Build.0 = Release|Win32
		{ACB78BBB-E8F4-4EAD-B981-9C6155DE100B}.Release|x64.ActiveCfg = Release|x64
		{ACB78BBB-E8F4-4EAD-B981-9C6155DE100B}.Release|x64.Build.0 = Release|x64
		{B6EFD6D7-C2D4-4FBB-B363-2E08CE09CC96}.Debug|Win32.ActiveCfg = Debug|Win32
		{B6EFD6D7-C2D4-4FBB-B363-2E08CE09CC96}.Debug|Win32.Build.0 = Debug|Win32
		{B6EFD6D7-C2D4-4FBB-B363-2E08CE09CC96}.Debug|x64.ActiveCfg = Debug|x64
		{B6EFD6D7-C2D4-4FBB-B363-2E08CE09CC96}.Debug|x64.Build.0 = Debug|x64
		{B6EFD6D7-C2D4-4FBB-B363-2E08CE09CC96}.Release|Win32.ActiveCfg = Release|Win32
		{B6EFD6D7-C2D4-4FBB-B363-2E08CE09CC96}.Release|Win32.Build.0 = Release|Win32
		{B6EFD6D7-C2D4-4FBB-B363-2E08CE09CC96}.Release|x64.ActiveCfg = Release|x64
		{B6EFD6D7-C2D4-4FBB-B363-2E08CE09CC96}.Release|x64.Build.0 = Release|x64
		{2A7F483F-CD19-4F84-BBDA-B6A1865E2773}.Debug|Win32.ActiveCfg = Debug|Win32
		{2A7F483F-CD19-4F84-BBDA-B6A1865E2773}.Debug|Win32.Build.0 = Debug|Win32
		{2A7F483F-CD19-4F84-BBDA-B6A1865E2773}.Debug|x64.ActiveCfg = Debug|x64
		{2A7F483F-CD19-4F84-BBDA-B6A1865E2773}.Debug|x64.Build.0 = Debug|x64
		{2A7F483F-CD19-4F84-BBDA-B6A1865E2773}.Release|Win32.ActiveCfg = Release|Win32
		{2A7F483F-CD19-4F84-BBDA-B6A1865E2773}.Release|Win32.Build.0 = Release|Win32
		{2A7F483F-CD19-4F84-BBDA-B6A1865E2773}.Release|x64.ActiveCfg = Release|x64
		{2A7F483F-CD19-4F84-BBDA-B6A1865E2773}.Release|x64.Build.0 = Release|x64
		{F67EB1EA-DCFA-4758-A2AA-4B570BA78036}.Debug|Win32.ActiveCfg = Debug|Win32
		{F67EB1EA-DCFA-4758-A2AA-4B570BA78036}.Debug|Win32.Build.0 = Debug|Win32
		{F67EB1EA-DCFA-4758-A2AA-4B570BA78036}.Debug|x64.ActiveCfg = Debug|x64
		{F67EB1EA-DCFA-4758-A2AA-4B570BA78036}.Debug|x64.Build.0 = Debug|x64
		{F67EB1EA-DCFA-4758-A2AA-4B570BA78036}.Release|Win32.ActiveCfg = Release|Win32
		{F67EB1EA-DCFA-4758-A2AA-4B570BA78036}.Release|Win32.Build.0 = Release|Win32
		{F67EB1EA-DCFA-4758-A2AA-4B570BA78036}.Release|x64.ActiveCfg = Release|x64
		{F67EB1EA-DCFA-4758-A2AA-4B570BA78036}.Release|x64.Build.0 = Release|x64
		{740F3007-7BF0-4C0C-8FA5-2587C794EF31}.Debug|Win32.ActiveCfg = Debug|Win32
		{740F3007-7BF0-4C0C-8FA5-2587C794EF31}.Debug|Win32.Build.0 = Debug|Win32
		{740F3007-7BF0-4C0C-8FA5-2587C794EF31}.Debug|x64.ActiveCfg = Debug|x64
		{740F3007-7BF0-4C0C-8FA5-2587C794EF31}.Debug|x64.Build.0 = Debug|x64
		{740F3007-7BF0-4C0C-8FA5-2587C794EF31}.Release|Win32.ActiveCfg = Release|Win32
		{740F3007-7BF0-4C0C-8FA5-2587C794EF31}.Release|Win32.Build.0 = Release|Win32
		{740F3007-7BF0-4C0C-8FA5-2587C794EF31}.Release|x64.ActiveCfg = Release|x64
		{740F3007-7BF0-4C0C-8FA5-2587C794EF31}.Release|x64.Build.0 = Release|x64
		{2C5AD347-6E34-463B-8289-00578E43B255}.Debug|Win32.ActiveCfg = Debug|Win32
		{2C5AD347-6E34-463B-8289-00578E43B255}.Debug|Win32.Build.0 = Debug|Win32
		{2C5AD347-6E34-463B-8289-00578E43B255}.Debug|x64.ActiveCfg = Debug|x64
		{2C5AD347-6E34-463B-8289-00578E43B255}.Debug|x64.Build.0 = Debug|x64
		{2C5AD347-6E34-463B-8289-00578E43B255}.Release|Win32.ActiveCfg = Release|Win32
		{2C5AD347-6E34-463B-8289-00578E43B255}.Release|Win32.Build.0 = Release|Win32
		{2C5AD347-6E34-463B-8289-00578E43B255}.Release|x64.ActiveCfg = Release|x64
		{2C5AD347-6E34-463B-8289-00578E43B255}.Release|x64.Build.0 = Release|x64
		{63050112-E486-4396-B5E4-303C3BC12D39}.Debug|Win32.ActiveCfg = Debug|Win32
		{63050112-E486-4396-B5E4-303C3BC12D39}.Debug|Win32.Build.0 = Debug|Win32
		{63050112-E486-4396-B5E4-303C3BC12D39}.Debug|x64.ActiveCfg = Debug|x64
		{63050112-E486-4396-B5E4-303C3BC12D39}.Debug|x64.Build.0 = Debug|x64
		{63050112-E486-4396-B5E4-303C3BC12D39}.Release|Win32.ActiveCfg = Release|Win32
		{63050112-E486-4396-B5E4-303C3BC12D39}.Release|Win32.Build.0 = Release|Win32
		{63050112-E486-4396-B5E4-303C3BC12D39}.Release|x64.ActiveCfg = Release|x64
		{63050112-E486-4396-B5E4-303C3BC12D39}.Release|x64.Build.0 = Release|x64
		{4A9F9353-DB63-460A-BB1C-9CB519DFD414}.Debug|Win32.ActiveCfg = Debug|Win32
		{4A9F9353-DB63-460A-BB1C-9CB519DFD414}.Debug|Win32.Build.0 = Debug|Win32
		{4A9F9353-DB63-460A-BB1C-9CB519DFD414}.Debug|x64.ActiveCfg = Debug|x64
		{4A9F9353-DB63-460A-BB1C-9CB519DFD414}.Debug|x64.Build.0 = Debug|x64
		{4A9F9353-DB63-460A-BB1C-9CB519DFD414}.Release|Win32.ActiveCfg = Release|Win32
		{4A9F9353-DB63-460A-BB1C-9CB519DFD414}.Release|Win32.Build.0 = Release|Win32
		{4A9F9353-DB63-460A-BB1C-9CB519DFD414}.Release|x64.ActiveCfg = Release|x64
		{4A9F9353-DB63-460A-BB1C-9CB519DFD414}.Release|x64.Build.0 = Release|x64
		{4478909E-6983-425C-9D9F-558CF258E61E}.Debug|Win32.ActiveCfg = Debug|Win32
		{4478909E-6983-425C-9D9F-558CF258E61E}.Debug|Win32.Build.0 = Debug|Win32
		{4478909E-6983-425C-9D9F-558CF258E61E}.Debug|x64.ActiveCfg = Debug|x64
		{4478909E-6983-425C-9D9F-558CF258E61E}.Debug|x64.Build.0 = Debug|x64
		{4478909E-6983-425C-9D9F-558CF258E61E}.Release|Win32.ActiveCfg = Release|Win32
		{4478909E-6983-425C-9D9F-558CF258E61E}.Release|Win32.Build.0 = Release|Win32
		{4478909E-6983-425C-9D9F-558CF258E61E}.Release|x64.ActiveCfg = Release|x64
		{4478909E-6983-425C-9D9F-558CF258E61E}.Release|x64.Build.0 = Release|x64
		{006A7908-ABF3-4D18-BC35-0A29E39B95F9}.Debug|Win32.ActiveCfg = Debug|Win32
		{006A7908-ABF3-4D18-BC35-0A29E39B95F9}.Debug|Win32.Build.0 = Debug|Win32
		{006A7908-ABF3-4D18-BC35-0A29E39B95F9}.Debug|x64.ActiveCfg = Debug|x64
		{006A7908-ABF3-4D18-BC35-0A29E39B95F9}.Debug|x64.Build.0 = Debug|x64
		{006A7908-ABF3-4D18-BC35-0A29E39B95F9}.Release|Win32.ActiveCfg = Release|Win32
		{006A7908-ABF3-4D18-BC35-0A29E39B95F9}.Release|Win32.Build.0 = Release|Win32
		{006A7908-ABF3-4D18-BC35-0A29E39B95F9}.Release|x64.ActiveCfg = Release|x64
		{006A7908-ABF3-4D18-BC35-0A29E39B95F9}.Release|x64.Build.0 = Release|x64
		{698C2D54-475C-446F-B879-F629BBEF75FE}.Debug|Win32.ActiveCfg = Debug|Win32
		{698C2D54-475C-446F-B879-F629BBEF75FE}.Debug|Win32.Build.0 = Debug|Win32
		{698C2D54-475C-446F-B879-F629BBEF75FE}.Debug|x64.ActiveCfg = Debug|x64
		{698C2D54-475C-446F-B879-F629BBEF75FE}.Debug|x64.Build.0 = Debug|x64
		{698C2D54-475C-446F-B879-F629BBEF75FE}.Release|Win32.ActiveCfg = Release|Win32
		{698C2D54-475C-446F-B879-F629BBEF75FE}.Release|Win32.Build.0 = Release|Win32
		{698C2D54-475C-446F-B879-F629BBEF75FE}.Release|x64.ActiveCfg = Release|x64
		{698C2D54-475C-446F-B879-F629BBEF75FE}.Release|x64.Build.0 = Release|x64
		{8804AD29-E398-480C-AC0F-98EC1B7A51CB}.Debug|Win32.ActiveCfg = Debug|Win32
		{8804AD29-E398-480C-AC0F-98EC1B7A51CB}.Debug|Win32.Build.0 = Debug|Win32
		{8804AD29-E398-480C-AC0F-98EC1B7A51CB}.Debug|x64.ActiveCfg = Debug|x64
		{8804AD29-E398-480C-AC0F-98EC1B7A51CB}.Debug|x64.Build.0 = Debug|x64
		{8804AD29-E398-480C-AC0F-98EC1B7A51CB}.Release|Win32.ActiveCfg = Release|Win32
		{8804AD29-E398-480C-AC0F-98EC1B7A51CB}.Release|Win32.Build.0 = Release|Win32
		{8804AD29-E398-480C-AC0F-98EC1B7A51CB}.Release|x64.ActiveCfg = Release|x64
		{8804AD29-E398-480C-AC0F-98EC1B7A51CB}.Release|x64.Build.0 = Release|x64
		{17077E86-AE7C-41AF-86ED-2BAC03B019BC}.Debug|Win32.ActiveCfg = Debug|Win32
		{17077E86-AE7C-41AF-86ED-2BAC03B019BC}.Debug|Win32.Build.0 = Debug|Win32
		{17077E86-AE7C-41AF-86ED-2BAC03B019BC}.Debug|x64.ActiveCfg = Debug|x64
		{17077E86-AE7C-41AF-86ED-2BAC03B019BC}.Debug|x64.Build.0 = Debug|x64
		{17077E86-AE7C-41AF-86ED-2BAC03B019BC}.Release|Win32.ActiveCfg = Release|Win32
		{17077E86-AE7C-41AF-86ED-2BAC03B019BC}.Release|Win32.Build.0 = Release|Win32
		{17077E86-AE7C-41AF-86ED-2BAC03B019BC}.Release|x64.ActiveCfg = Release|x64
		{17077E86-AE7C-41AF-86ED-2BAC03B019BC}.Release|x64.Build.0 = Release|x64
		{9D588288-5A28-4AB3-96EA-442CAA508F8E}.Debug|Win32.ActiveCfg = Debug|Win32
		{9D588288-5A28-4AB3-96EA-442CAA508F8E}.Debug|Win32.Build.0 = Debug|Win32
		{9D588288-5A28-4AB3-96EA-442CAA508F8E}.Debug|x64.ActiveCfg = Debug|x64
		{9D588288-5A28-4AB3-96EA-442CAA508F8E}.Debug|x64.Build.0 = Debug|x64
		{9D588288-5A28-4AB3-96EA-442CAA508F8E}.Release|Win32.ActiveCfg = Release|Win32
		{9D588288-5A28-4AB3-96EA-442CAA508F8E}.Release|Win32.Build.0 = Release|Win32
		{9D588288-5A28-4AB3-96EA-442CAA508F8E}.Release|x64.ActiveCfg = Release|x64
		{9D588288-5A28-4AB3-96EA-442CAA508F8E}.Release|x64.Build.0 = Release|x64
		{9F32C692-9106-43AF-A291-779A2D8BE096}.Debug|Win32.ActiveCfg = Debug|Win32
		{9F32C692-9106-43AF-A291-779A2D8BE096}.Debug|Win32.Build.0 = Debug|Win32
		{9F32C692-9106-43AF-A291-779A2D8BE096}.Debug|x64.ActiveCfg = Debug|x64
		{9F32C692-9106-43AF-A291-779A2D8BE096}.Debug|x64.Build.0 = Debug|x64
		{9F32C692-9106-43AF-A291-779A2D8BE096}.Release|Win32.ActiveCfg = Release|Win32
		{9F32C692-9106-43AF-A291-779A2D8BE096}.Release|Win32.Build.0 = Release|Win32
		{9F32C692-9106-43AF-A291-779A2D8BE096}.Release|x64.ActiveCfg = Release|x64
		{9F32C692-9106-43AF-A291-779A2D8BE096}.Release|x64.Build.0 = Release|x64
		{04DC0E3A-F247-45C2-AE27-8DE7493AA43B}.Debug|Win32.ActiveCfg = Debug|Win32
		{04DC0E3A-F247-45C2-AE27-8DE7493AA43B}.Debug|Win32.Build.0 = Debug|Win32
		{04DC0E3A-F247-45C2-AE27-8DE7493AA43B}.Debug|x64.ActiveCfg = Debug|x64
		{04DC0E3A-F247-45C2-AE27-8DE7493AA43B}.Debug|x64.Build.0 = Debug|x64
		{04DC0E3A-F247-45C2-AE27-8DE7493AA43B}.Release|Win32.ActiveCfg = Release|Win32
		{04DC0E3A-F247-45C2-AE27-8DE7493AA43B}.Release|Win32.Build.0 = Release|Win32
		{04DC0E3A-F247-45C2-AE27-8DE7493AA43B}.Release|x64.ActiveCfg = Release|x64
		{04DC0E3A-F247-45C2-AE27-8DE7493AA43B}.Release|x64.Build.0 = Release|x64
		{7AA02EDF-D797-494B-929C-F628F4E4EA62}.Debug|Win32.ActiveCfg = Debug|Win32
		{7AA02EDF-D797-494B-929C-F628F4E4EA62}.Debug|Win32.Build.0 = Debug|Win32
		{7AA02EDF-D797-494B-929C-F628F4E4EA62}.Debug|x64.ActiveCfg = Debug|x64
		{7AA02EDF-D797-494B-929C-F628F4E4EA62}.Debug|x64.Build.0 = Debug|x64
		{7AA02EDF-D797-494B-929C-F628F4E4EA62}.Release|Win32.ActiveCfg = Release|Win32
		{7AA02EDF-D797-494B-929C-F628F4E4EA62}.Release|Win32.Build.0 = Release|Win32
		{7AA02EDF-D797-494B-929C-F628F4E4EA62}.Release|x64.ActiveCfg = Release|x64
		{7AA02EDF-D797-494B-929C-F628F4E4EA62}.Release|x64.Build.0 = Release|x64
		{11727C54-463F-472A-88AF-6C3D6071BF0B}.Debug|Win32.ActiveCfg = Debug|Win32
		{11727C54-463F-472A-88AF-6C3D6071BF0B}.Debug|Win32.Build.0 = Debug|Win32
		{11727C54-463F-472A-88AF-6C3D6071BF0B}.Debug|x64.ActiveCfg = Debug|x64
		{11727C54-463F-472A-88AF-6C3D6071BF0B}.Debug|x64.Build.0 = Debug|x64
		{11727C54-463F-472A-88AF-6C3D6071BF0B}.Release|Win32.ActiveCfg = Release|Win32
		{11727C54-463F-472A-88AF-6C3D6071BF0B}.Release|Win32.Build.0 = Release|Win32
		{11727C54-463F-472A-88AF-6C3D6071BF0B}.Release|x64.ActiveCfg = Release|x64
		{11727C54-463F-472A-88AF-6C3D6071BF0B}.Release|x64.Build.0 = Release|x64
		{E34ECD90-3977-4A4B-9641-4D7F1766E9FD}.Debug|Win32.ActiveCfg = Debug|Win32
		{E34ECD90-3977-4A4B-9641-4D7F1766E9FD}.Debug|Win32.Build.0 = Debug|Win32
		{E34ECD90-3977-4A4B-9641-4D7F1766E9FD}.Debug|x64.ActiveCfg = Debug|x64
		{E34ECD90-3977-4A4B-9641-4D7F1766E9FD}.Debug|x64.Build.0 = Debug|x64
		{E34ECD90-3977-4A4B-9641-4D7F1766E9FD}.Release|Win32.ActiveCfg = Release|Win32
		{E34ECD90-3977-4A4B-9641-4D7F1766E9FD}.Release|Win32.Build.0 = Release|Win32
		{E34ECD90-3977-4A4B-9641-4D7F1766E9FD}.Release|x64.ActiveCfg = Release|x64
		{E34ECD90-3977-4A4B-9641-4D7F1766E9FD}.Release|x64.Build.0 = Release|x64
		{A25CA34D-2F64-442B-A5D3-B13CB56C9957}.Debug|Win32.ActiveCfg = Debug|Win32
		{A25CA34D-2F64-442B-A5D3-B13CB56C9957}.Debug|Win32.Build.0 = Debug|Win32
		{A25CA34D-2F64-442B-A5D3-B13CB56C9957}.Debug|x64.ActiveCfg = Debug|x64
		{A25CA34D-2F64-442B-A5D3-B13CB56C9957}.Debug|x64.Build.0 = Debug|x64
		{A25CA34D-2F64-442B-A5D3-B13CB56C9957}.Release|Win32.ActiveCfg = Release|Win32
		{A25CA34D-2F64-442B-A5D3-B13CB56C9957}.Release|Win32.Build.0 = Release|Win32
		{A25CA34D-2F64-442B-A5D3-B13CB56C9957}.Release|x64.ActiveCfg = Release|x64
		{A25CA34D-2F64-442B-A5D3-B13CB56C9957}.Release|x64.Build.0 = Release|x64
		{F8053D66-8267-433A-BF2C-E07E2298C338}.Debug|Win32.ActiveCfg = Debug|Win32
		{F8053D66-8267-433A-BF2C-E07E2298C338}.Debug|Win32.Build.0 = Debug|Win32
		{F8053D66-8267-433A-BF2C-E07E2298C338}.Debug|x64.ActiveCfg = Debug|x64
		{F8053D66-8267-433A-BF2C-E07E2298C338}.Debug|x64.Build.0 = Debug|x64
		{F8053D66-8267-433A-BF2C-E07E2298C338}.Release|Win32.ActiveCfg = Release|Win32
		{F8053D66-8267-433A-BF2C-E07E2298C338}.Release|Win32.Build.0 = Release|Win32
		{F8053D66-8267-433A-BF2C-E07E2298C338}.Release|x64.ActiveCfg = Release|x64
		{F8053D66-8267-433A-BF2C-E07E2298C338}.Release|x64.Build.0 = Release|x64
		{9D96D09A-DE17-4011-9247-F0009E8D6DB5}.Debug|Win32.ActiveCfg = Debug|Win32
		{9D96D09A-DE17-4011-9247-F0009E8D6DB5}.Debug|Win32.Build.0 = Debug|Win32
		{9D96D09A-DE17-4011-9247-F0009E8D6DB5}.Debug|x64.ActiveCfg = Debug|x64
		{9D96D09A-DE17-4011-9247-F0009E8D6DB5}.Debug|x64.Build.0 = Debug|x64
		{9D96D09A-DE17-4011-9247-F0009E8D6DB5}.Release|Win32.ActiveCfg = Release|Win32
		{9D96D09A-DE17-4011-9247-F0009E8D6DB5}.Release|Win32.Build.0 = Release|Win32
		{9D96D09A-DE17-4011-9247-F0009E8D6DB5}.Release|x64.ActiveCfg = Release|x64
		{9D96D09A-DE17-4011-9247-F0009E8D6DB5}.Release|x64.Build.0 = Release|x64
		{F113B460-4B21-4014-9A15-D472FAA9E3F9}.Debug|Win32.ActiveCfg = Debug|Win32
		{F113B460-4B21-4014-9A15-D472FAA9E3F9}.Debug|Win32.Build.0 = Debug|Win32
		{F113B460-4B21-4014-9A15-D472FAA9E3F9}.Debug|x64.ActiveCfg = Debug|x64
		{F113B460-4B21-4014-9A15-D472FAA9E3F9}.Debug|x64.Build.0 = Debug|x64
		{F113B460-4B21-4014-9A15-D472FAA9E3F9}.Release|Win32.ActiveCfg = Release|Win32
		{F113B460-4B21-4014-9A15-D472FAA9E3F9}.Release|Win32.Build.0 = Release|Win32
		{F113B460-4B21-4014-9A15-D472FAA9E3F9}.Release|x64.ActiveCfg = Release|x64
		{F113B460-4B21-4014-9A15-D472FAA9E3F9}.Release|x64.Build.0 = Release|x64
		{1945F27B-ABB3-47F9-9268-A42F73C8B992}.Debug|Win32.ActiveCfg = Debug|Win32
		{1945F27B-ABB3-47F9-9268-A42F73C8B992}.Debug|Win32.Build.0 = Debug|Win32
		{1945F27B-ABB3-47F9-9268-A42F73C8B992}.Debug|x64.ActiveCfg = Debug|x64
		{1945F27B-ABB3-47F9-9268-A42F73C8B992}.Debug|x64.Build.0 = Debug|x64
		{1945F27B-ABB3-47F9-9268-A42F73C8B992}.Release|Win32.ActiveCfg = Release|Win32
		{1945F27B-ABB3-47F9-9268-A42F73C8B992}.Release|Win32.Build.0 = Release|Win32
		{1945F27B-ABB3-47F9-9268-A42F73C8B992}.Release|x64.ActiveCfg = Release|x64
		{1945F27B-ABB3-47F9-9268-A42F73C8B992}.Release|x64.Build.0 = Release|x64
		{340D86A5-E53C-490B-880A-8EB1F5BDE947}.Debug|Win32.ActiveCfg = Debug|Win32
		{340D86A5-E53C-490B-880A-8EB1F5BDE947}.Debug|Win32.Build.0 = Debug|Win32
		{340D86A5-E53C-490B-880A-8EB1F5BDE947}.Debug|x64.ActiveCfg = Debug|x64
		{340D86A5-E53C-490B-880A-8EB1F5BDE947}.Debug|x64.Build.0 = Debug|x64
		{340D86A5-E53C-490B-880A-8EB1F5BDE947}.Release|Win32.ActiveCfg = Release|Win32
		{340D86A5-E53C-490B-880A-8EB1F5BDE947}.Release|Win32.Build.0 = Release|Win32
		{340D86A5-E53C-490B-880A-8EB1F5BDE947}.Release|x64.ActiveCfg = Release|x64
		{340D86A5-E53C-490B-880A-8EB1F5BDE947}.Release|x64.Build.0 = Release|x64
		{1A42A5E3-82A7-4EE4-B7D2-8265B147F124}.Debug|Win32.ActiveCfg = Debug|Win32
		{1A42A5E3-82A7-4EE4-B7D2-8265B147F124}.Debug|Win32.Build.0 = Debug|Win32
		{1A42A5E3-82A7-4EE4-B7D2-8265B147F124}.Debug|x64.ActiveCfg = Debug|x64
		{1A42A5E3-82A7-4EE4-B7D2-8265B147F124}.Debug|x64.Build.0 = Debug|x64
		{1A42A5E3-82A7-4EE4-B7D2-8265B147F124}.Release|Win32.ActiveCfg = Release|Win32
		{1A42A5E3-82A7-4EE4-B7D2-8265B147F124}.Release|Win32.Build.0 = Release|Win32
		{1A42A5E3-82A7-4EE4-B7D2-8265B147F124}.Release|x64.ActiveCfg = Release|x64
		{1A42A5E3-82A7-4EE4-B7D2-8265B147F124}.Release|x64.Build.0 = Release|x64
	EndGlobalSection
	GlobalSection(SolutionProperties) = preSolution
		HideSolutionNode = FALSE
	EndGlobalSection
	GlobalSection(NestedProjects) = preSolution
		{2A7F483F-CD19-4F84-BBDA-B6A1865E2773} = {857A09AF-FE20-461C-B66F-D779422AD46B}
		{F67EB1EA-DCFA-4758-A2AA-4B570BA78036} = {857A09AF-FE20-461C-B66F-D779422AD46B}
		{740F3007-7BF0-4C0C-8FA5-2587C794EF31} = {857A09AF-FE20-461C-B66F-D779422AD46B}
		{2C5AD347-6E34-463B-8289-00578E43B255} = {857A09AF-FE20-461C-B66F-D779422AD46B}
		{63050112-E486-4396-B5E4-303C3BC12D39} = {857A09AF-FE20-461C-B66F-D779422AD46B}
		{4A9F9353-DB63-460A-BB1C-9CB519DFD414} = {857A09AF-FE20-461C-B66F-D779422AD46B}
		{4478909E-6983-425C-9D9F-558CF258E61E} = {857A09AF-FE20-461C-B66F-D779422AD46B}
		{006A7908-ABF3-4D18-BC35-0A29E39B95F9} = {857A09AF-FE20-461C-B66F-D779422AD46B}
		{698C2D54-475C-446F-B879-F629BBEF75FE} = {857A09AF-FE20-461C-B66F-D779422AD46B}
		{8804AD29-E398-480C-AC0F-98EC1B7A51CB} = {857A09AF-FE20-461C-B66F-D779422AD46B}
		{17077E86-AE7C-41AF-86ED-2BAC03B019BC} = {857A09AF-FE20-461C-B66F-D779422AD46B}
		{340D86A5-E53C-490B-880A-8EB1F5BDE947} = {857A09AF-FE20-461C-B66F-D779422AD46B}
		{9D588288-5A28-4AB3-96EA-442CAA508F8E} = {F8E85E25-4D67-4A6B-A976-C920790B8798}
		{9F32C692-9106-43AF-A291-779A2D8BE096} = {F8E85E25-4D67-4A6B-A976-C920790B8798}
		{04DC0E3A-F247-45C2-AE27-8DE7493AA43B} = {F8E85E25-4D67-4A6B-A976-C920790B8798}
		{7AA02EDF-D797-494B-929C-F628F4E4EA62} = {F8E85E25-4D67-4A6B-A976-C920790B8798}
		{11727C54-463F-472A-88AF-6C3D6071BF0B} = {F8E85E25-4D67-4A6B-A976-C920790B8798}
		{E34ECD90-3977-4A4B-9641-4D7F1766E9FD} = {F8E85E25-4D67-4A6B-A976-C920790B8798}
		{A25CA34D-2F64-442B-A5D3-B13CB56C9957} = {F8E85E25-4D67-4A6B-A976-C920790B8798}
		{F8053D66-8267-433A-BF2C-E07E2298C338} = {F8E85E25-4D67-4A6B-A976-C920790B8798}
		{9D96D09A-DE17-4011-9247-F0009E8D6DB5} = {F8E85E25-4D67-4A6B-A976-C920790B8798}
		{F113B460-4B21-4014-9A15-D472FAA9E3F9} = {F8E85E25-4D67-4A6B-A976-C920790B8798}
		{1945F27B-ABB3-47F9-9268-A42F73C8B992} = {F8E85E25-4D67-4A6B-A976-C920790B8798}
		{1A42A5E3-82A7-4EE4-B7D2-8265B147F124} = {F8E85E25-4D67-4A6B-A976-C920790B8798}
	EndGlobalSection
EndGlobal
