
Microsoft Visual Studio Solution File, Format Version 12.00
# Visual Studio 14
VisualStudioVersion = 14.0.23107.0
MinimumVisualStudioVersion = 10.0.40219.1
Project("{FAE04EC0-301F-11D3-BF4B-00C04F79EFBC}") = "UnicornSamples", "UnicornSamples\UnicornSamples.csproj", "{B80B5987-1E24-4309-8BF9-C4F91270F21C}"
EndProject
Project("{F2A71F9B-5D33-465A-A702-920D77279786}") = "UnicornManaged", "UnicornManaged\UnicornManaged.fsproj", "{0C21F1C1-2725-4A46-9022-1905F85822A5}"
EndProject
Global
	GlobalSection(SolutionConfigurationPlatforms) = preSolution
		Debug|Any CPU = Debug|Any CPU
		Release|Any CPU = Release|Any CPU
	EndGlobalSection
	GlobalSection(ProjectConfigurationPlatforms) = postSolution
		{B80B5987-1E24-4309-8BF9-C4F91270F21C}.Debug|Any CPU.ActiveCfg = Debug|Any CPU
		{B80B5987-1E24-4309-8BF9-C4F91270F21C}.Debug|Any CPU.Build.0 = Debug|Any CPU
		{B80B5987-1E24-4309-8BF9-C4F91270F21C}.Release|Any CPU.ActiveCfg = Release|Any CPU
		{B80B5987-1E24-4309-8BF9-C4F91270F21C}.Release|Any CPU.Build.0 = Release|Any CPU
		{0C21F1C1-2725-4A46-9022-1905F85822A5}.Debug|Any CPU.ActiveCfg = Debug|Any CPU
		{0C21F1C1-2725-4A46-9022-1905F85822A5}.Debug|Any CPU.Build.0 = Debug|Any CPU
		{0C21F1C1-2725-4A46-9022-1905F85822A5}.Release|Any CPU.ActiveCfg = Release|Any CPU
		{0C21F1C1-2725-4A46-9022-1905F85822A5}.Release|Any CPU.Build.0 = Release|Any CPU
	EndGlobalSection
	GlobalSection(SolutionProperties) = preSolution
		HideSolutionNode = FALSE
	EndGlobalSection
EndGlobal
