
Microsoft Visual Studio Solution File, Format Version 12.00
# Visual Studio 2012
Project("{8BC9CEB8-8B4A-11D0-8D11-00A0C91BC942}") = "mem_apis", "msvc_mem_apis\mem_apis.vcxproj", "{ECA2292F-FD4F-4943-B0FC-093B6D35FEBA}"
EndProject
Project("{8BC9CEB8-8B4A-11D0-8D11-00A0C91BC942}") = "sample_arm", "msvc_sample_arm\sample_arm.vcxproj", "{8FF2F8F8-14CE-4899-998F-2C0BBE43FB6E}"
EndProject
Project("{8BC9CEB8-8B4A-11D0-8D11-00A0C91BC942}") = "sample_arm64", "msvc_sample_arm64\sample_arm64.vcxproj", "{43AEBCD7-BD18-4F0D-8AF8-536F62F92AAD}"
EndProject
Project("{8BC9CEB8-8B4A-11D0-8D11-00A0C91BC942}") = "sample_m68k", "msvc_sample_m68k\sample_m68k.vcxproj", "{39ABA118-6289-43D6-AB6C-8B3AB3CB9390}"
EndProject
Project("{8BC9CEB8-8B4A-11D0-8D11-00A0C91BC942}") = "sample_mips", "msvc_sample_mips\sample_mips.vcxproj", "{5E004A76-1625-44F1-A1EA-64C4FD15F642}"
EndProject
Project("{8BC9CEB8-8B4A-11D0-8D11-00A0C91BC942}") = "sample_x86", "msvc_sample_x86\sample_x86.vcxproj", "{F8AD989E-D273-42DA-80A6-B6466EB134CA}"
EndProject
Project("{8BC9CEB8-8B4A-11D0-8D11-00A0C91BC942}") = "sample_sparc", "msvc_sample_sparc\sample_sparc.vcxproj", "{2906001D-9B80-4400-8B3A-4445CDAED54F}"
EndProject
Project("{8BC9CEB8-8B4A-11D0-8D11-00A0C91BC942}") = "shellcode", "msvc_shellcode\shellcode.vcxproj", "{4A8F2E9A-C2D8-4A93-8451-5F3BD73A4227}"
EndProject
Global
	GlobalSection(SolutionConfigurationPlatforms) = preSolution
		Debug|Win32 = Debug|Win32
		Debug|x64 = Debug|x64
		Release|Win32 = Release|Win32
		Release|x64 = Release|x64
	EndGlobalSection
	GlobalSection(ProjectConfigurationPlatforms) = postSolution
		{ECA2292F-FD4F-4943-B0FC-093B6D35FEBA}.Debug|Win32.ActiveCfg = Debug|Win32
		{ECA2292F-FD4F-4943-B0FC-093B6D35FEBA}.Debug|Win32.Build.0 = Debug|Win32
		{ECA2292F-FD4F-4943-B0FC-093B6D35FEBA}.Debug|x64.ActiveCfg = Debug|x64
		{ECA2292F-FD4F-4943-B0FC-093B6D35FEBA}.Debug|x64.Build.0 = Debug|x64
		{ECA2292F-FD4F-4943-B0FC-093B6D35FEBA}.Release|Win32.ActiveCfg = Release|Win32
		{ECA2292F-FD4F-4943-B0FC-093B6D35FEBA}.Release|Win32.Build.0 = Release|Win32
		{ECA2292F-FD4F-4943-B0FC-093B6D35FEBA}.Release|x64.ActiveCfg = Release|x64
		{ECA2292F-FD4F-4943-B0FC-093B6D35FEBA}.Release|x64.Build.0 = Release|x64
		{8FF2F8F8-14CE-4899-998F-2C0BBE43FB6E}.Debug|Win32.ActiveCfg = Debug|Win32
		{8FF2F8F8-14CE-4899-998F-2C0BBE43FB6E}.Debug|Win32.Build.0 = Debug|Win32
		{8FF2F8F8-14CE-4899-998F-2C0BBE43FB6E}.Debug|x64.ActiveCfg = Debug|x64
		{8FF2F8F8-14CE-4899-998F-2C0BBE43FB6E}.Debug|x64.Build.0 = Debug|x64
		{8FF2F8F8-14CE-4899-998F-2C0BBE43FB6E}.Release|Win32.ActiveCfg = Release|Win32
		{8FF2F8F8-14CE-4899-998F-2C0BBE43FB6E}.Release|Win32.Build.0 = Release|Win32
		{8FF2F8F8-14CE-4899-998F-2C0BBE43FB6E}.Release|x64.ActiveCfg = Release|x64
		{8FF2F8F8-14CE-4899-998F-2C0BBE43FB6E}.Release|x64.Build.0 = Release|x64
		{43AEBCD7-BD18-4F0D-8AF8-536F62F92AAD}.Debug|Win32.ActiveCfg = Debug|Win32
		{43AEBCD7-BD18-4F0D-8AF8-536F62F92AAD}.Debug|Win32.Build.0 = Debug|Win32
		{43AEBCD7-BD18-4F0D-8AF8-536F62F92AAD}.Debug|x64.ActiveCfg = Debug|x64
		{43AEBCD7-BD18-4F0D-8AF8-536F62F92AAD}.Debug|x64.Build.0 = Debug|x64
		{43AEBCD7-BD18-4F0D-8AF8-536F62F92AAD}.Release|Win32.ActiveCfg = Release|Win32
		{43AEBCD7-BD18-4F0D-8AF8-536F62F92AAD}.Release|Win32.Build.0 = Release|Win32
		{43AEBCD7-BD18-4F0D-8AF8-536F62F92AAD}.Release|x64.ActiveCfg = Release|x64
		{43AEBCD7-BD18-4F0D-8AF8-536F62F92AAD}.Release|x64.Build.0 = Release|x64
		{39ABA118-6289-43D6-AB6C-8B3AB3CB9390}.Debug|Win32.ActiveCfg = Debug|Win32
		{39ABA118-6289-43D6-AB6C-8B3AB3CB9390}.Debug|Win32.Build.0 = Debug|Win32
		{39ABA118-6289-43D6-AB6C-8B3AB3CB9390}.Debug|x64.ActiveCfg = Debug|x64
		{39ABA118-6289-43D6-AB6C-8B3AB3CB9390}.Debug|x64.Build.0 = Debug|x64
		{39ABA118-6289-43D6-AB6C-8B3AB3CB9390}.Release|Win32.ActiveCfg = Release|Win32
		{39ABA118-6289-43D6-AB6C-8B3AB3CB9390}.Release|Win32.Build.0 = Release|Win32
		{39ABA118-6289-43D6-AB6C-8B3AB3CB9390}.Release|x64.ActiveCfg = Release|x64
		{39ABA118-6289-43D6-AB6C-8B3AB3CB9390}.Release|x64.Build.0 = Release|x64
		{5E004A76-1625-44F1-A1EA-64C4FD15F642}.Debug|Win32.ActiveCfg = Debug|Win32
		{5E004A76-1625-44F1-A1EA-64C4FD15F642}.Debug|Win32.Build.0 = Debug|Win32
		{5E004A76-1625-44F1-A1EA-64C4FD15F642}.Debug|x64.ActiveCfg = Debug|x64
		{5E004A76-1625-44F1-A1EA-64C4FD15F642}.Debug|x64.Build.0 = Debug|x64
		{5E004A76-1625-44F1-A1EA-64C4FD15F642}.Release|Win32.ActiveCfg = Release|Win32
		{5E004A76-1625-44F1-A1EA-64C4FD15F642}.Release|Win32.Build.0 = Release|Win32
		{5E004A76-1625-44F1-A1EA-64C4FD15F642}.Release|x64.ActiveCfg = Release|x64
		{5E004A76-1625-44F1-A1EA-64C4FD15F642}.Release|x64.Build.0 = Release|x64
		{F8AD989E-D273-42DA-80A6-B6466EB134CA}.Debug|Win32.ActiveCfg = Debug|Win32
		{F8AD989E-D273-42DA-80A6-B6466EB134CA}.Debug|Win32.Build.0 = Debug|Win32
		{F8AD989E-D273-42DA-80A6-B6466EB134CA}.Debug|x64.ActiveCfg = Debug|x64
		{F8AD989E-D273-42DA-80A6-B6466EB134CA}.Debug|x64.Build.0 = Debug|x64
		{F8AD989E-D273-42DA-80A6-B6466EB134CA}.Release|Win32.ActiveCfg = Release|Win32
		{F8AD989E-D273-42DA-80A6-B6466EB134CA}.Release|Win32.Build.0 = Release|Win32
		{F8AD989E-D273-42DA-80A6-B6466EB134CA}.Release|x64.ActiveCfg = Release|x64
		{F8AD989E-D273-42DA-80A6-B6466EB134CA}.Release|x64.Build.0 = Release|x64
		{2906001D-9B80-4400-8B3A-4445CDAED54F}.Debug|Win32.ActiveCfg = Debug|Win32
		{2906001D-9B80-4400-8B3A-4445CDAED54F}.Debug|Win32.Build.0 = Debug|Win32
		{2906001D-9B80-4400-8B3A-4445CDAED54F}.Debug|x64.ActiveCfg = Debug|x64
		{2906001D-9B80-4400-8B3A-4445CDAED54F}.Debug|x64.Build.0 = Debug|x64
		{2906001D-9B80-4400-8B3A-4445CDAED54F}.Release|Win32.ActiveCfg = Release|Win32
		{2906001D-9B80-4400-8B3A-4445CDAED54F}.Release|Win32.Build.0 = Release|Win32
		{2906001D-9B80-4400-8B3A-4445CDAED54F}.Release|x64.ActiveCfg = Release|x64
		{2906001D-9B80-4400-8B3A-4445CDAED54F}.Release|x64.Build.0 = Release|x64
		{4A8F2E9A-C2D8-4A93-8451-5F3BD73A4227}.Debug|Win32.ActiveCfg = Debug|Win32
		{4A8F2E9A-C2D8-4A93-8451-5F3BD73A4227}.Debug|Win32.Build.0 = Debug|Win32
		{4A8F2E9A-C2D8-4A93-8451-5F3BD73A4227}.Debug|x64.ActiveCfg = Debug|x64
		{4A8F2E9A-C2D8-4A93-8451-5F3BD73A4227}.Debug|x64.Build.0 = Debug|x64
		{4A8F2E9A-C2D8-4A93-8451-5F3BD73A4227}.Release|Win32.ActiveCfg = Release|Win32
		{4A8F2E9A-C2D8-4A93-8451-5F3BD73A4227}.Release|Win32.Build.0 = Release|Win32
		{4A8F2E9A-C2D8-4A93-8451-5F3BD73A4227}.Release|x64.ActiveCfg = Release|x64
		{4A8F2E9A-C2D8-4A93-8451-5F3BD73A4227}.Release|x64.Build.0 = Release|x64
	EndGlobalSection
	GlobalSection(SolutionProperties) = preSolution
		HideSolutionNode = FALSE
	EndGlobalSection
EndGlobal
