<?xml version="1.0" encoding="utf-8"?>
<Project ToolsVersion="4.0" xmlns="http://schemas.microsoft.com/developer/msbuild/2003">
  <ItemGroup>
    <Filter Include="fpu">
      <UniqueIdentifier>{4988fbf5-a5f0-4aaa-b301-8292e3bb6df7}</UniqueIdentifier>
    </Filter>
    <Filter Include="hw">
      <UniqueIdentifier>{ea984014-3856-4951-aa11-ed7d98e7d749}</UniqueIdentifier>
    </Filter>
    <Filter Include="hw\arm">
      <UniqueIdentifier>{fac9d0b8-8064-4486-bc54-0a63831fae99}</UniqueIdentifier>
    </Filter>
    <Filter Include="target-arm">
      <UniqueIdentifier>{8bb5cb48-4c00-419c-9ec9-7fa2829dd28e}</UniqueIdentifier>
    </Filter>
    <Filter Include="tcg">
      <UniqueIdentifier>{4667e883-fc0e-4fc8-afad-b8f471736a96}</UniqueIdentifier>
    </Filter>
    <Filter Include="tcg\i386">
      <UniqueIdentifier>{d2c6525e-91e8-4b37-bd22-c07aa4058f1d}</UniqueIdentifier>
    </Filter>
  </ItemGroup>
  <ItemGroup>
    <ClInclude Include="..\..\..\qemu\fpu\softfloat-macros.h">
      <Filter>fpu</Filter>
    </ClInclude>
    <ClInclude Include="..\..\..\qemu\fpu\softfloat-specialize.h">
      <Filter>fpu</Filter>
    </ClInclude>
    <ClInclude Include="..\..\..\qemu\target-arm\arm_ldst.h">
      <Filter>target-arm</Filter>
    </ClInclude>
    <ClInclude Include="..\..\..\qemu\target-arm\cpu-qom.h">
      <Filter>target-arm</Filter>
    </ClInclude>
    <ClInclude Include="..\..\..\qemu\target-arm\cpu.h">
      <Filter>target-arm</Filter>
    </ClInclude>
    <ClInclude Include="..\..\..\qemu\target-arm\helper-a64.h">
      <Filter>target-arm</Filter>
    </ClInclude>
    <ClInclude Include="..\..\..\qemu\target-arm\helper.h">
      <Filter>target-arm</Filter>
    </ClInclude>
    <ClInclude Include="..\..\..\qemu\target-arm\internals.h">
      <Filter>target-arm</Filter>
    </ClInclude>
    <ClInclude Include="..\..\..\qemu\target-arm\kvm-consts.h">
      <Filter>target-arm</Filter>
    </ClInclude>
    <ClInclude Include="..\..\..\qemu\target-arm\op_addsub.h">
      <Filter>target-arm</Filter>
    </ClInclude>
    <ClInclude Include="..\..\..\qemu\target-arm\translate.h">
      <Filter>target-arm</Filter>
    </ClInclude>
    <ClInclude Include="..\..\..\qemu\target-arm\unicorn.h">
      <Filter>target-arm</Filter>
    </ClInclude>
    <ClInclude Include="..\..\..\qemu\tcg\tcg-be-ldst.h">
      <Filter>tcg</Filter>
    </ClInclude>
    <ClInclude Include="..\..\..\qemu\tcg\tcg-be-null.h">
      <Filter>tcg</Filter>
    </ClInclude>
    <ClInclude Include="..\..\..\qemu\tcg\tcg-op.h">
      <Filter>tcg</Filter>
    </ClInclude>
    <ClInclude Include="..\..\..\qemu\tcg\tcg-opc.h">
      <Filter>tcg</Filter>
    </ClInclude>
    <ClInclude Include="..\..\..\qemu\tcg\tcg-runtime.h">
      <Filter>tcg</Filter>
    </ClInclude>
    <ClInclude Include="..\..\..\qemu\tcg\tcg.h">
      <Filter>tcg</Filter>
    </ClInclude>
    <ClInclude Include="..\..\..\qemu\tcg\i386\tcg-target.h">
      <Filter>tcg\i386</Filter>
    </ClInclude>
    <ClInclude Include="..\config-host.h" />
    <ClInclude Include="config-target.h" />
    <ClInclude Include="..\..\..\qemu\aarch64eb.h" />
  </ItemGroup>
  <ItemGroup>
    <ClCompile Include="..\..\..\qemu\fpu\softfloat.c">
      <Filter>fpu</Filter>
    </ClCompile>
    <ClCompile Include="..\..\..\qemu\hw\arm\tosa.c">
      <Filter>hw\arm</Filter>
    </ClCompile>
    <ClCompile Include="..\..\..\qemu\hw\arm\virt.c">
      <Filter>hw\arm</Filter>
    </ClCompile>
    <ClCompile Include="..\..\..\qemu\target-arm\cpu.c">
      <Filter>target-arm</Filter>
    </ClCompile>
    <ClCompile Include="..\..\..\qemu\target-arm\cpu64.c">
      <Filter>target-arm</Filter>
    </ClCompile>
    <ClCompile Include="..\..\..\qemu\target-arm\crypto_helper.c">
      <Filter>target-arm</Filter>
    </ClCompile>
    <ClCompile Include="..\..\..\qemu\target-arm\helper-a64.c">
      <Filter>target-arm</Filter>
    </ClCompile>
    <ClCompile Include="..\..\..\qemu\target-arm\helper.c">
      <Filter>target-arm</Filter>
    </ClCompile>
    <ClCompile Include="..\..\..\qemu\target-arm\iwmmxt_helper.c">
      <Filter>target-arm</Filter>
    </ClCompile>
    <ClCompile Include="..\..\..\qemu\target-arm\neon_helper.c">
      <Filter>target-arm</Filter>
    </ClCompile>
    <ClCompile Include="..\..\..\qemu\target-arm\op_helper.c">
      <Filter>target-arm</Filter>
    </ClCompile>
    <ClCompile Include="..\..\..\qemu\target-arm\psci.c">
      <Filter>target-arm</Filter>
    </ClCompile>
    <ClCompile Include="..\..\..\qemu\target-arm\translate-a64.c">
      <Filter>target-arm</Filter>
    </ClCompile>
    <ClCompile Include="..\..\..\qemu\target-arm\translate.c">
      <Filter>target-arm</Filter>
    </ClCompile>
    <ClCompile Include="..\..\..\qemu\target-arm\unicorn_aarch64.c">
      <Filter>target-arm</Filter>
    </ClCompile>
    <ClCompile Include="..\..\..\qemu\tcg\optimize.c">
      <Filter>tcg</Filter>
    </ClCompile>
    <ClCompile Include="..\..\..\qemu\tcg\tcg.c">
      <Filter>tcg</Filter>
    </ClCompile>
    <ClCompile Include="..\..\..\qemu\tcg\i386\tcg-target.c">
      <Filter>tcg\i386</Filter>
    </ClCompile>
    <ClCompile Include="..\..\..\qemu\cpu-exec.c" />
    <ClCompile Include="..\..\..\qemu\cpus.c" />
    <ClCompile Include="..\..\..\qemu\cputlb.c" />
    <ClCompile Include="..\..\..\qemu\exec.c" />
    <ClCompile Include="..\..\..\qemu\ioport.c" />
    <ClCompile Include="..\..\..\qemu\memory.c" />
    <ClCompile Include="..\..\..\qemu\memory_mapping.c" />
    <ClCompile Include="..\..\..\qemu\translate-all.c" />
  </ItemGroup>
</Project>