<?xml version="1.0" encoding="utf-8"?>
<Project ToolsVersion="4.0" xmlns="http://schemas.microsoft.com/developer/msbuild/2003">
  <ItemGroup>
    <Filter Include="fpu">
      <UniqueIdentifier>{723b39e0-f3cc-46d9-b9e8-6fe7e38bdf26}</UniqueIdentifier>
    </Filter>
    <Filter Include="hw">
      <UniqueIdentifier>{19efec2a-ac41-4941-9dfc-4937f91829b4}</UniqueIdentifier>
    </Filter>
    <Filter Include="hw\mips">
      <UniqueIdentifier>{0784e023-e00c-4034-adc4-9b1ad07d2eb7}</UniqueIdentifier>
    </Filter>
    <Filter Include="target-mips">
      <UniqueIdentifier>{d60f24b3-d409-40d8-b7d2-f3e71960841a}</UniqueIdentifier>
    </Filter>
    <Filter Include="tcg">
      <UniqueIdentifier>{1c2a8ce7-cc6f-41e8-b532-a2f030f6799d}</UniqueIdentifier>
    </Filter>
    <Filter Include="tcg\i386">
      <UniqueIdentifier>{65e8fb9c-fe61-4100-9f0e-1eab5babb4d3}</UniqueIdentifier>
    </Filter>
  </ItemGroup>
  <ItemGroup>
    <ClInclude Include="..\..\..\qemu\fpu\softfloat-macros.h">
      <Filter>fpu</Filter>
    </ClInclude>
    <ClInclude Include="..\..\..\qemu\fpu\softfloat-specialize.h">
      <Filter>fpu</Filter>
    </ClInclude>
    <ClInclude Include="..\..\..\qemu\tcg\tcg.h">
      <Filter>tcg</Filter>
    </ClInclude>
    <ClInclude Include="..\..\..\qemu\tcg\tcg-be-ldst.h">
      <Filter>tcg</Filter>
    </ClInclude>
    <ClInclude Include="..\..\..\qemu\tcg\tcg-be-null.h">
      <Filter>tcg</Filter>
    </ClInclude>
    <ClInclude Include="..\..\..\qemu\tcg\tcg-op.h">
      <Filter>tcg</Filter>
    </ClInclude>
    <ClInclude Include="..\..\..\qemu\tcg\tcg-opc.h">
      <Filter>tcg</Filter>
    </ClInclude>
    <ClInclude Include="..\..\..\qemu\tcg\tcg-runtime.h">
      <Filter>tcg</Filter>
    </ClInclude>
    <ClInclude Include="..\..\..\qemu\tcg\i386\tcg-target.h">
      <Filter>tcg\i386</Filter>
    </ClInclude>
    <ClInclude Include="..\..\..\qemu\target-mips\cpu.h">
      <Filter>target-mips</Filter>
    </ClInclude>
    <ClInclude Include="..\..\..\qemu\target-mips\cpu-qom.h">
      <Filter>target-mips</Filter>
    </ClInclude>
    <ClInclude Include="..\..\..\qemu\target-mips\helper.h">
      <Filter>target-mips</Filter>
    </ClInclude>
    <ClInclude Include="..\..\..\qemu\target-mips\mips-defs.h">
      <Filter>target-mips</Filter>
    </ClInclude>
    <ClInclude Include="..\..\..\qemu\target-mips\unicorn.h">
      <Filter>target-mips</Filter>
    </ClInclude>
    <ClInclude Include="..\..\..\qemu\mips.h" />
    <ClInclude Include="..\config-host.h" />
    <ClInclude Include="config-target.h" />
  </ItemGroup>
  <ItemGroup>
    <ClCompile Include="..\..\..\qemu\cpu-exec.c" />
    <ClCompile Include="..\..\..\qemu\cpus.c" />
    <ClCompile Include="..\..\..\qemu\cputlb.c" />
    <ClCompile Include="..\..\..\qemu\exec.c" />
    <ClCompile Include="..\..\..\qemu\ioport.c" />
    <ClCompile Include="..\..\..\qemu\memory.c" />
    <ClCompile Include="..\..\..\qemu\memory_mapping.c" />
    <ClCompile Include="..\..\..\qemu\translate-all.c" />
    <ClCompile Include="..\..\..\qemu\fpu\softfloat.c">
      <Filter>fpu</Filter>
    </ClCompile>
    <ClCompile Include="..\..\..\qemu\tcg\optimize.c">
      <Filter>tcg</Filter>
    </ClCompile>
    <ClCompile Include="..\..\..\qemu\tcg\tcg.c">
      <Filter>tcg</Filter>
    </ClCompile>
    <ClCompile Include="..\..\..\qemu\tcg\i386\tcg-target.c">
      <Filter>tcg\i386</Filter>
    </ClCompile>
    <ClCompile Include="..\..\..\qemu\hw\mips\mips_r4k.c">
      <Filter>hw\mips</Filter>
    </ClCompile>
    <ClCompile Include="..\..\..\qemu\hw\mips\addr.c">
      <Filter>hw\mips</Filter>
    </ClCompile>
    <ClCompile Include="..\..\..\qemu\hw\mips\cputimer.c">
      <Filter>hw\mips</Filter>
    </ClCompile>
    <ClCompile Include="..\..\..\qemu\target-mips\cpu.c">
      <Filter>target-mips</Filter>
    </ClCompile>
    <ClCompile Include="..\..\..\qemu\target-mips\dsp_helper.c">
      <Filter>target-mips</Filter>
    </ClCompile>
    <ClCompile Include="..\..\..\qemu\target-mips\helper.c">
      <Filter>target-mips</Filter>
    </ClCompile>
    <ClCompile Include="..\..\..\qemu\target-mips\lmi_helper.c">
      <Filter>target-mips</Filter>
    </ClCompile>
    <ClCompile Include="..\..\..\qemu\target-mips\msa_helper.c">
      <Filter>target-mips</Filter>
    </ClCompile>
    <ClCompile Include="..\..\..\qemu\target-mips\op_helper.c">
      <Filter>target-mips</Filter>
    </ClCompile>
    <ClCompile Include="..\..\..\qemu\target-mips\translate.c">
      <Filter>target-mips</Filter>
    </ClCompile>
    <ClCompile Include="..\..\..\qemu\target-mips\translate_init.c">
      <Filter>target-mips</Filter>
    </ClCompile>
    <ClCompile Include="..\..\..\qemu\target-mips\unicorn.c">
      <Filter>target-mips</Filter>
    </ClCompile>
  </ItemGroup>
</Project>